PODS:
  - AFNetworking (3.2.1):
    - AFNetworking/NSURLSession (= 3.2.1)
    - AFNetworking/Reachability (= 3.2.1)
    - AFNetworking/Security (= 3.2.1)
    - AFNetworking/Serialization (= 3.2.1)
    - AFNetworking/UIKit (= 3.2.1)
  - AFNetworking/NSURLSession (3.2.1):
    - AFNetworking/Reachability
    - AFNetworking/Security
    - AFNetworking/Serialization
  - AFNetworking/Reachability (3.2.1)
  - AFNetworking/Security (3.2.1)
  - AFNetworking/Serialization (3.2.1)
  - AFNetworking/UIKit (3.2.1):
    - AFNetworking/NSURLSession
  - Alamofire (4.8.0)
  - AliyunOSSiOS (2.10.7)
  - boost-for-react-native (1.63.0)
  - Bugly (2.5.0)
  - DoubleConversion (1.1.6)
  - Flutter (1.0.0)
  - FlutterPluginRegistrant (0.0.1):
    - Flutter
  - FMDB (2.7.5):
    - FMDB/standard (= 2.7.5)
  - FMDB/standard (2.7.5)
  - Folly (2018.10.22.00):
    - boost-for-react-native
    - DoubleConversion
    - glog
  - GDataXML-HTML (1.4.1)
  - GKNavigationBarViewController (2.3.2)
  - glog (0.3.5)
  - IJKMediaFramework (0.1.2)
  - IQKeyboardManager (6.3.0)
  - lottie-ios (2.5.3)
  - Masonry (1.1.0)
  - MJExtension (3.0.17)
  - MJRefresh (3.2.0)
  - pop (1.0.12)
  - React/Core (0.59.8):
    - yoga (= 0.59.8.React)
  - React/CxxBridge (0.59.8):
    - Folly (= 2018.10.22.00)
    - React/Core
    - React/cxxreact
    - React/jsiexecutor
  - React/cxxreact (0.59.8):
    - boost-for-react-native (= 1.63.0)
    - DoubleConversion
    - Folly (= 2018.10.22.00)
    - glog
    - React/jsinspector
  - React/DevSupport (0.59.8):
    - React/Core
    - React/RCTWebSocket
  - React/fishhook (0.59.8)
  - React/jsi (0.59.8):
    - DoubleConversion
    - Folly (= 2018.10.22.00)
    - glog
  - React/jsiexecutor (0.59.8):
    - DoubleConversion
    - Folly (= 2018.10.22.00)
    - glog
    - React/cxxreact
    - React/jsi
  - React/jsinspector (0.59.8)
  - React/RCTAnimation (0.59.8):
    - React/Core
  - React/RCTBlob (0.59.8):
    - React/Core
  - React/RCTNetwork (0.59.8):
    - React/Core
  - React/RCTText (0.59.8):
    - React/Core
  - React/RCTWebSocket (0.59.8):
    - React/Core
    - React/fishhook
    - React/RCTBlob
  - SDWebImage (5.0.6):
    - SDWebImage/Core (= 5.0.6)
  - SDWebImage/Core (5.0.6)
  - SnapKit (4.0.1)
  - SVProgressHUD (2.2.5)
  - SwiftyJSON (5.0.0)
  - TXLiteAVSDK_Player (6.3.7088)
  - Weibo_SDK (3.2.4)
  - yoga (0.59.8.React)
  - YYCache (1.0.4)
  - YYCategories (1.0.4):
    - YYCategories/no-arc (= 1.0.4)
  - YYCategories/no-arc (1.0.4)
  - YYModel (1.0.4)
  - ZFPlayer (3.1.5):
    - ZFPlayer/Core (= 3.1.5)
  - ZFPlayer/AVPlayer (3.1.5):
    - ZFPlayer/Core
  - ZFPlayer/ControlView (3.1.5):
    - ZFPlayer/Core
  - ZFPlayer/Core (3.1.5)

DEPENDENCIES:
  - AFNetworking (= 3.2.1)
  - Alamofire (= 4.8.0)
  - AliyunOSSiOS (= 2.10.7)
  - Bugly (= 2.5.0)
  - DoubleConversion (from `../node_modules/react-native/third-party-podspecs/DoubleConversion.podspec`)
  - Flutter (from `../my_flutter/.ios/Flutter/engine`)
  - FlutterPluginRegistrant (from `../my_flutter/.ios/Flutter/FlutterPluginRegistrant`)
  - FMDB (= 2.7.5)
  - Folly (from `../node_modules/react-native/third-party-podspecs/Folly.podspec`)
  - GDataXML-HTML (= 1.4.1)
  - GKNavigationBarViewController (= 2.3.2)
  - glog (from `../node_modules/react-native/third-party-podspecs/glog.podspec`)
  - IJKMediaFramework (= 0.1.2)
  - IQKeyboardManager (= 6.3.0)
  - lottie-ios (= 2.5.3)
  - Masonry (= 1.1.0)
  - MJExtension (= 3.0.17)
  - MJRefresh (= 3.2.0)
  - pop (= 1.0.12)
  - React/Core (from `../node_modules/react-native`)
  - React/CxxBridge (from `../node_modules/react-native`)
  - React/DevSupport (from `../node_modules/react-native`)
  - React/RCTAnimation (from `../node_modules/react-native`)
  - React/RCTNetwork (from `../node_modules/react-native`)
  - React/RCTText (from `../node_modules/react-native`)
  - React/RCTWebSocket (from `../node_modules/react-native`)
  - SDWebImage (= 5.0.6)
  - SnapKit (= 4.0.1)
  - SVProgressHUD (= 2.2.5)
  - SwiftyJSON (= 5.0.0)
  - TXLiteAVSDK_Player (= 6.3.7088)
  - Weibo_SDK (from `https://github.com/sinaweibosdk/weibo_ios_sdk.git`)
  - yoga (from `../node_modules/react-native/ReactCommon/yoga`)
  - YYCache (= 1.0.4)
  - YYCategories (= 1.0.4)
  - YYModel (= 1.0.4)
  - ZFPlayer (= 3.1.5)
  - ZFPlayer/AVPlayer (~> 3.0)
  - ZFPlayer/ControlView (~> 3.0)

SPEC REPOS:
  https://github.com/cocoapods/specs.git:
    - AFNetworking
    - Alamofire
    - AliyunOSSiOS
    - boost-for-react-native
    - Bugly
    - FMDB
    - GDataXML-HTML
    - GKNavigationBarViewController
    - IJKMediaFramework
    - IQKeyboardManager
    - lottie-ios
    - Masonry
    - MJExtension
    - MJRefresh
    - pop
    - SDWebImage
    - SnapKit
    - SVProgressHUD
    - SwiftyJSON
    - TXLiteAVSDK_Player
    - YYCache
    - YYCategories
    - YYModel
    - ZFPlayer

EXTERNAL SOURCES:
  DoubleConversion:
    :podspec: "../node_modules/react-native/third-party-podspecs/DoubleConversion.podspec"
  Flutter:
    :path: "../my_flutter/.ios/Flutter/engine"
  FlutterPluginRegistrant:
    :path: "../my_flutter/.ios/Flutter/FlutterPluginRegistrant"
  Folly:
    :podspec: "../node_modules/react-native/third-party-podspecs/Folly.podspec"
  glog:
    :podspec: "../node_modules/react-native/third-party-podspecs/glog.podspec"
  React:
    :path: "../node_modules/react-native"
  Weibo_SDK:
    :git: https://github.com/sinaweibosdk/weibo_ios_sdk.git
  yoga:
    :path: "../node_modules/react-native/ReactCommon/yoga"

CHECKOUT OPTIONS:
  Weibo_SDK:
    :commit: 83b1235d61530e5fdeeb86c75915c6bdb1dfcedb
    :git: https://github.com/sinaweibosdk/weibo_ios_sdk.git

SPEC CHECKSUMS:
  AFNetworking: b6f891fdfaed196b46c7a83cf209e09697b94057
  Alamofire: 3ec537f71edc9804815215393ae2b1a8ea33a844
  AliyunOSSiOS: 602b6a4e70e62a5f0a6431c20496343141d7e66f
  boost-for-react-native: 39c7adb57c4e60d6c5479dd8623128eb5b3f0f2c
  Bugly: 3ca9f255c01025582df26f9222893b383c7e4b4e
  DoubleConversion: bb338842f62ab1d708ceb63ec3d999f0f3d98ecd
  Flutter: 58dd7d1b27887414a370fcccb9e645c08ffd7a6a
  FlutterPluginRegistrant: 8855ca2b426d228cb41aa6c26c0c83b8c49e3593
  FMDB: 2ce00b547f966261cd18927a3ddb07cb6f3db82a
  Folly: de497beb10f102453a1afa9edbf8cf8a251890de
  GDataXML-HTML: a4f11079b48d9fe96ff1fe478943a317185227e2
  GKNavigationBarViewController: 85fb838819c02f09b420e22a70acef0775619ea3
  glog: aefd1eb5dda2ab95ba0938556f34b98e2da3a60d
  IJKMediaFramework: a1df7357a01a11e65568b8d6cd16ca270be01034
  IQKeyboardManager: 2ca9d64893247556f53523dcd8d78641f0ba7c23
  lottie-ios: a50d5c0160425cd4b01b852bb9578963e6d92d31
  Masonry: 678fab65091a9290e40e2832a55e7ab731aad201
  MJExtension: 74ec83124a68891619fb7ba9c5c811bbf1691076
  MJRefresh: ed450d6eb9d3346a2cb033ab7eb6de090aeef437
  pop: d582054913807fd11fd50bfe6a539d91c7e1a55a
  React: 76e6aa2b87d05eb6cccb6926d72685c9a07df152
  SDWebImage: 920f1a2ff1ca8296ad34f6e0510a1ef1d70ac965
  SnapKit: 0de968a9fec17499afa29683b05d0c775b6d1c29
  SVProgressHUD: 1428aafac632c1f86f62aa4243ec12008d7a51d6
  SwiftyJSON: 36413e04c44ee145039d332b4f4e2d3e8d6c4db7
  TXLiteAVSDK_Player: 79dff307726719163a35266ade3cb9ea815f360a
  Weibo_SDK: 977b5352ef6c5861e67c4fa1a81b916e47343713
  yoga: 92b2102c3d373d1a790db4ab761d2b0ffc634f64
  YYCache: 8105b6638f5e849296c71f331ff83891a4942952
  YYCategories: 6bcd4314c6661a561410dce4a793379ebd306abd
  YYModel: 2a7fdd96aaa4b86a824e26d0c517de8928c04b30
  ZFPlayer: 8273a62fcc76f451db043ce640434d5f8799c09a

PODFILE CHECKSUM: 8c94a32e342d7bda57628feae1bdff8bcdf9ae0e

COCOAPODS: 1.7.3
