// !$*UTF8*$!
{
	archiveVersion = 1;
	classes = {
	};
	objectVersion = 50;
	objects = {

/* Begin PBXBuildFile section */
		601B03152104DCBD00489E96 /* EYTabBarController.m in Sources */ = {isa = PBXBuildFile; fileRef = 601B03142104DCBD00489E96 /* EYTabBarController.m */; };
		601B03192104DDED00489E96 /* EYFindViewController.m in Sources */ = {isa = PBXBuildFile; fileRef = 601B03182104DDED00489E96 /* EYFindViewController.m */; };
		6075412C2104CC4B00EB258D /* AppDelegate.m in Sources */ = {isa = PBXBuildFile; fileRef = 6075412B2104CC4B00EB258D /* AppDelegate.m */; };
		607541322104CC4B00EB258D /* Main.storyboard in Resources */ = {isa = PBXBuildFile; fileRef = 607541302104CC4B00EB258D /* Main.storyboard */; };
		607541342104CC4C00EB258D /* Assets.xcassets in Resources */ = {isa = PBXBuildFile; fileRef = 607541332104CC4C00EB258D /* Assets.xcassets */; };
		607541372104CC4C00EB258D /* LaunchScreen.storyboard in Resources */ = {isa = PBXBuildFile; fileRef = 607541352104CC4C00EB258D /* LaunchScreen.storyboard */; };
		6075413A2104CC4C00EB258D /* main.m in Sources */ = {isa = PBXBuildFile; fileRef = 607541392104CC4C00EB258D /* main.m */; };
		607541442104CC4C00EB258D /* EYDouYinTests.m in Sources */ = {isa = PBXBuildFile; fileRef = 607541432104CC4C00EB258D /* EYDouYinTests.m */; };
		6075414F2104CC4C00EB258D /* EYDouYinUITests.m in Sources */ = {isa = PBXBuildFile; fileRef = 6075414E2104CC4C00EB258D /* EYDouYinUITests.m */; };
		6075416D2104CFE000EB258D /* EYHttpManager.m in Sources */ = {isa = PBXBuildFile; fileRef = 6075416C2104CFE000EB258D /* EYHttpManager.m */; };
		6075416F2104D15F00EB258D /* Foundation+Log.m in Sources */ = {isa = PBXBuildFile; fileRef = 6075416E2104D15F00EB258D /* Foundation+Log.m */; };
		60BBC6892104D83400DEEA34 /* EYNavigationController.m in Sources */ = {isa = PBXBuildFile; fileRef = 60BBC6842104D83400DEEA34 /* EYNavigationController.m */; };
		60BBC68B2104D83400DEEA34 /* EYBaseViewController.m in Sources */ = {isa = PBXBuildFile; fileRef = 60BBC6862104D83400DEEA34 /* EYBaseViewController.m */; };
		60BBC68E2104D8D200DEEA34 /* EYRootViewController.m in Sources */ = {isa = PBXBuildFile; fileRef = 60BBC68D2104D8D200DEEA34 /* EYRootViewController.m */; };
		60BBC6912104D9D900DEEA34 /* EYConstant.m in Sources */ = {isa = PBXBuildFile; fileRef = 60BBC6902104D9D900DEEA34 /* EYConstant.m */; };
/* End PBXBuildFile section */

/* Begin PBXContainerItemProxy section */
		607541402104CC4C00EB258D /* PBXContainerItemProxy */ = {
			isa = PBXContainerItemProxy;
			containerPortal = 6075411F2104CC4B00EB258D /* Project object */;
			proxyType = 1;
			remoteGlobalIDString = 607541262104CC4B00EB258D;
			remoteInfo = EYDouYin;
		};
		6075414B2104CC4C00EB258D /* PBXContainerItemProxy */ = {
			isa = PBXContainerItemProxy;
			containerPortal = 6075411F2104CC4B00EB258D /* Project object */;
			proxyType = 1;
			remoteGlobalIDString = 607541262104CC4B00EB258D;
			remoteInfo = EYDouYin;
		};
/* End PBXContainerItemProxy section */

/* Begin PBXFileReference section */
		601B03132104DCBD00489E96 /* EYTabBarController.h */ = {isa = PBXFileReference; lastKnownFileType = sourcecode.c.h; path = EYTabBarController.h; sourceTree = "<group>"; };
		601B03142104DCBD00489E96 /* EYTabBarController.m */ = {isa = PBXFileReference; lastKnownFileType = sourcecode.c.objc; path = EYTabBarController.m; sourceTree = "<group>"; };
		601B03172104DDED00489E96 /* EYFindViewController.h */ = {isa = PBXFileReference; lastKnownFileType = sourcecode.c.h; path = EYFindViewController.h; sourceTree = "<group>"; };
		601B03182104DDED00489E96 /* EYFindViewController.m */ = {isa = PBXFileReference; lastKnownFileType = sourcecode.c.objc; path = EYFindViewController.m; sourceTree = "<group>"; };
		607541272104CC4B00EB258D /* EYDouYin.app */ = {isa = PBXFileReference; explicitFileType = wrapper.application; includeInIndex = 0; path = EYDouYin.app; sourceTree = BUILT_PRODUCTS_DIR; };
		6075412A2104CC4B00EB258D /* AppDelegate.h */ = {isa = PBXFileReference; lastKnownFileType = sourcecode.c.h; path = AppDelegate.h; sourceTree = "<group>"; };
		6075412B2104CC4B00EB258D /* AppDelegate.m */ = {isa = PBXFileReference; lastKnownFileType = sourcecode.c.objc; path = AppDelegate.m; sourceTree = "<group>"; };
		607541312104CC4B00EB258D /* Base */ = {isa = PBXFileReference; lastKnownFileType = file.storyboard; name = Base; path = Base.lproj/Main.storyboard; sourceTree = "<group>"; };
		607541332104CC4C00EB258D /* Assets.xcassets */ = {isa = PBXFileReference; lastKnownFileType = folder.assetcatalog; path = Assets.xcassets; sourceTree = "<group>"; };
		607541362104CC4C00EB258D /* Base */ = {isa = PBXFileReference; lastKnownFileType = file.storyboard; name = Base; path = Base.lproj/LaunchScreen.storyboard; sourceTree = "<group>"; };
		607541382104CC4C00EB258D /* Info.plist */ = {isa = PBXFileReference; lastKnownFileType = text.plist.xml; path = Info.plist; sourceTree = "<group>"; };
		607541392104CC4C00EB258D /* main.m */ = {isa = PBXFileReference; lastKnownFileType = sourcecode.c.objc; path = main.m; sourceTree = "<group>"; };
		6075413F2104CC4C00EB258D /* EYDouYinTests.xctest */ = {isa = PBXFileReference; explicitFileType = wrapper.cfbundle; includeInIndex = 0; path = EYDouYinTests.xctest; sourceTree = BUILT_PRODUCTS_DIR; };
		607541432104CC4C00EB258D /* EYDouYinTests.m */ = {isa = PBXFileReference; lastKnownFileType = sourcecode.c.objc; path = EYDouYinTests.m; sourceTree = "<group>"; };
		607541452104CC4C00EB258D /* Info.plist */ = {isa = PBXFileReference; lastKnownFileType = text.plist.xml; path = Info.plist; sourceTree = "<group>"; };
		6075414A2104CC4C00EB258D /* EYDouYinUITests.xctest */ = {isa = PBXFileReference; explicitFileType = wrapper.cfbundle; includeInIndex = 0; path = EYDouYinUITests.xctest; sourceTree = BUILT_PRODUCTS_DIR; };
		6075414E2104CC4C00EB258D /* EYDouYinUITests.m */ = {isa = PBXFileReference; lastKnownFileType = sourcecode.c.objc; path = EYDouYinUITests.m; sourceTree = "<group>"; };
		607541502104CC4C00EB258D /* Info.plist */ = {isa = PBXFileReference; lastKnownFileType = text.plist.xml; path = Info.plist; sourceTree = "<group>"; };
		6075416B2104CFE000EB258D /* EYHttpManager.h */ = {isa = PBXFileReference; lastKnownFileType = sourcecode.c.h; path = EYHttpManager.h; sourceTree = "<group>"; };
		6075416C2104CFE000EB258D /* EYHttpManager.m */ = {isa = PBXFileReference; lastKnownFileType = sourcecode.c.objc; path = EYHttpManager.m; sourceTree = "<group>"; };
		6075416E2104D15F00EB258D /* Foundation+Log.m */ = {isa = PBXFileReference; fileEncoding = 4; lastKnownFileType = sourcecode.c.objc; path = "Foundation+Log.m"; sourceTree = "<group>"; };
		607541712104D33F00EB258D /* PrefixHeader.pch */ = {isa = PBXFileReference; lastKnownFileType = sourcecode.c.h; path = PrefixHeader.pch; sourceTree = "<group>"; };
		607541722104D36800EB258D /* Singleton.h */ = {isa = PBXFileReference; fileEncoding = 4; lastKnownFileType = sourcecode.c.h; path = Singleton.h; sourceTree = "<group>"; };
		60BBC6832104D83400DEEA34 /* EYBaseViewController.h */ = {isa = PBXFileReference; fileEncoding = 4; lastKnownFileType = sourcecode.c.h; path = EYBaseViewController.h; sourceTree = "<group>"; };
		60BBC6842104D83400DEEA34 /* EYNavigationController.m */ = {isa = PBXFileReference; fileEncoding = 4; lastKnownFileType = sourcecode.c.objc; path = EYNavigationController.m; sourceTree = "<group>"; };
		60BBC6862104D83400DEEA34 /* EYBaseViewController.m */ = {isa = PBXFileReference; fileEncoding = 4; lastKnownFileType = sourcecode.c.objc; path = EYBaseViewController.m; sourceTree = "<group>"; };
		60BBC6872104D83400DEEA34 /* EYNavigationController.h */ = {isa = PBXFileReference; fileEncoding = 4; lastKnownFileType = sourcecode.c.h; path = EYNavigationController.h; sourceTree = "<group>"; };
		60BBC68C2104D8D200DEEA34 /* EYRootViewController.h */ = {isa = PBXFileReference; lastKnownFileType = sourcecode.c.h; path = EYRootViewController.h; sourceTree = "<group>"; };
		60BBC68D2104D8D200DEEA34 /* EYRootViewController.m */ = {isa = PBXFileReference; lastKnownFileType = sourcecode.c.objc; path = EYRootViewController.m; sourceTree = "<group>"; };
		60BBC68F2104D9D900DEEA34 /* EYConstant.h */ = {isa = PBXFileReference; fileEncoding = 4; lastKnownFileType = sourcecode.c.h; path = EYConstant.h; sourceTree = "<group>"; };
		60BBC6902104D9D900DEEA34 /* EYConstant.m */ = {isa = PBXFileReference; fileEncoding = 4; lastKnownFileType = sourcecode.c.objc; path = EYConstant.m; sourceTree = "<group>"; };
/* End PBXFileReference section */

/* Begin PBXFrameworksBuildPhase section */
		607541242104CC4B00EB258D /* Frameworks */ = {
			isa = PBXFrameworksBuildPhase;
			buildActionMask = 2147483647;
			files = (
			);
			runOnlyForDeploymentPostprocessing = 0;
		};
		6075413C2104CC4C00EB258D /* Frameworks */ = {
			isa = PBXFrameworksBuildPhase;
			buildActionMask = 2147483647;
			files = (
			);
			runOnlyForDeploymentPostprocessing = 0;
		};
		607541472104CC4C00EB258D /* Frameworks */ = {
			isa = PBXFrameworksBuildPhase;
			buildActionMask = 2147483647;
			files = (
			);
			runOnlyForDeploymentPostprocessing = 0;
		};
/* End PBXFrameworksBuildPhase section */

/* Begin PBXGroup section */
		601B03162104DDC900489E96 /* Find */ = {
			isa = PBXGroup;
			children = (
				601B03172104DDED00489E96 /* EYFindViewController.h */,
				601B03182104DDED00489E96 /* EYFindViewController.m */,
			);
			path = Find;
			sourceTree = "<group>";
		};
		6075411E2104CC4B00EB258D = {
			isa = PBXGroup;
			children = (
				607541292104CC4B00EB258D /* EYDouYin */,
				607541422104CC4C00EB258D /* EYDouYinTests */,
				6075414D2104CC4C00EB258D /* EYDouYinUITests */,
				607541282104CC4B00EB258D /* Products */,
			);
			sourceTree = "<group>";
		};
		607541282104CC4B00EB258D /* Products */ = {
			isa = PBXGroup;
			children = (
				607541272104CC4B00EB258D /* EYDouYin.app */,
				6075413F2104CC4C00EB258D /* EYDouYinTests.xctest */,
				6075414A2104CC4C00EB258D /* EYDouYinUITests.xctest */,
			);
			name = Products;
			sourceTree = "<group>";
		};
		607541292104CC4B00EB258D /* EYDouYin */ = {
			isa = PBXGroup;
			children = (
				6075415C2104CC8C00EB258D /* Class */,
				607541382104CC4C00EB258D /* Info.plist */,
			);
			path = EYDouYin;
			sourceTree = "<group>";
		};
		607541422104CC4C00EB258D /* EYDouYinTests */ = {
			isa = PBXGroup;
			children = (
				607541432104CC4C00EB258D /* EYDouYinTests.m */,
				607541452104CC4C00EB258D /* Info.plist */,
			);
			path = EYDouYinTests;
			sourceTree = "<group>";
		};
		6075414D2104CC4C00EB258D /* EYDouYinUITests */ = {
			isa = PBXGroup;
			children = (
				6075414E2104CC4C00EB258D /* EYDouYinUITests.m */,
				607541502104CC4C00EB258D /* Info.plist */,
			);
			path = EYDouYinUITests;
			sourceTree = "<group>";
		};
		6075415C2104CC8C00EB258D /* Class */ = {
			isa = PBXGroup;
			children = (
				6075412A2104CC4B00EB258D /* AppDelegate.h */,
				6075412B2104CC4B00EB258D /* AppDelegate.m */,
				60BBC68C2104D8D200DEEA34 /* EYRootViewController.h */,
				60BBC68D2104D8D200DEEA34 /* EYRootViewController.m */,
				6075415E2104CCFF00EB258D /* Module */,
				6075415D2104CCD200EB258D /* Main */,
			);
			path = Class;
			sourceTree = "<group>";
		};
		6075415D2104CCD200EB258D /* Main */ = {
			isa = PBXGroup;
			children = (
				60BBC6822104D83400DEEA34 /* ViewController */,
				607541602104CD6600EB258D /* Tool */,
				6075415F2104CD2900EB258D /* Category */,
				607541702104D1EB00EB258D /* Other */,
			);
			path = Main;
			sourceTree = "<group>";
		};
		6075415E2104CCFF00EB258D /* Module */ = {
			isa = PBXGroup;
			children = (
				601B03162104DDC900489E96 /* Find */,
			);
			path = Module;
			sourceTree = "<group>";
		};
		6075415F2104CD2900EB258D /* Category */ = {
			isa = PBXGroup;
			children = (
				6075416E2104D15F00EB258D /* Foundation+Log.m */,
			);
			path = Category;
			sourceTree = "<group>";
		};
		607541602104CD6600EB258D /* Tool */ = {
			isa = PBXGroup;
			children = (
				607541722104D36800EB258D /* Singleton.h */,
				6075416B2104CFE000EB258D /* EYHttpManager.h */,
				6075416C2104CFE000EB258D /* EYHttpManager.m */,
			);
			path = Tool;
			sourceTree = "<group>";
		};
		607541702104D1EB00EB258D /* Other */ = {
			isa = PBXGroup;
			children = (
				607541302104CC4B00EB258D /* Main.storyboard */,
				607541352104CC4C00EB258D /* LaunchScreen.storyboard */,
				607541332104CC4C00EB258D /* Assets.xcassets */,
				607541392104CC4C00EB258D /* main.m */,
				607541712104D33F00EB258D /* PrefixHeader.pch */,
				60BBC68F2104D9D900DEEA34 /* EYConstant.h */,
				60BBC6902104D9D900DEEA34 /* EYConstant.m */,
			);
			path = Other;
			sourceTree = "<group>";
		};
		60BBC6822104D83400DEEA34 /* ViewController */ = {
			isa = PBXGroup;
			children = (
				60BBC6832104D83400DEEA34 /* EYBaseViewController.h */,
				60BBC6862104D83400DEEA34 /* EYBaseViewController.m */,
				60BBC6842104D83400DEEA34 /* EYNavigationController.m */,
				60BBC6872104D83400DEEA34 /* EYNavigationController.h */,
				601B03132104DCBD00489E96 /* EYTabBarController.h */,
				601B03142104DCBD00489E96 /* EYTabBarController.m */,
			);
			path = ViewController;
			sourceTree = "<group>";
		};
/* End PBXGroup section */

/* Begin PBXNativeTarget section */
		607541262104CC4B00EB258D /* EYDouYin */ = {
			isa = PBXNativeTarget;
			buildConfigurationList = 607541532104CC4C00EB258D /* Build configuration list for PBXNativeTarget "EYDouYin" */;
			buildPhases = (
				607541232104CC4B00EB258D /* Sources */,
				607541242104CC4B00EB258D /* Frameworks */,
				607541252104CC4B00EB258D /* Resources */,
			);
			buildRules = (
			);
			dependencies = (
			);
			name = EYDouYin;
			productName = EYDouYin;
			productReference = 607541272104CC4B00EB258D /* EYDouYin.app */;
			productType = "com.apple.product-type.application";
		};
		6075413E2104CC4C00EB258D /* EYDouYinTests */ = {
			isa = PBXNativeTarget;
			buildConfigurationList = 607541562104CC4C00EB258D /* Build configuration list for PBXNativeTarget "EYDouYinTests" */;
			buildPhases = (
				6075413B2104CC4C00EB258D /* Sources */,
				6075413C2104CC4C00EB258D /* Frameworks */,
				6075413D2104CC4C00EB258D /* Resources */,
			);
			buildRules = (
			);
			dependencies = (
				607541412104CC4C00EB258D /* PBXTargetDependency */,
			);
			name = EYDouYinTests;
			productName = EYDouYinTests;
			productReference = 6075413F2104CC4C00EB258D /* EYDouYinTests.xctest */;
			productType = "com.apple.product-type.bundle.unit-test";
		};
		607541492104CC4C00EB258D /* EYDouYinUITests */ = {
			isa = PBXNativeTarget;
			buildConfigurationList = 607541592104CC4C00EB258D /* Build configuration list for PBXNativeTarget "EYDouYinUITests" */;
			buildPhases = (
				607541462104CC4C00EB258D /* Sources */,
				607541472104CC4C00EB258D /* Frameworks */,
				607541482104CC4C00EB258D /* Resources */,
			);
			buildRules = (
			);
			dependencies = (
				6075414C2104CC4C00EB258D /* PBXTargetDependency */,
			);
			name = EYDouYinUITests;
			productName = EYDouYinUITests;
			productReference = 6075414A2104CC4C00EB258D /* EYDouYinUITests.xctest */;
			productType = "com.apple.product-type.bundle.ui-testing";
		};
/* End PBXNativeTarget section */

/* Begin PBXProject section */
		6075411F2104CC4B00EB258D /* Project object */ = {
			isa = PBXProject;
			attributes = {
				CLASSPREFIX = EY;
				LastUpgradeCheck = 0940;
				ORGANIZATIONNAME = "李二洋";
				TargetAttributes = {
					607541262104CC4B00EB258D = {
						CreatedOnToolsVersion = 9.4.1;
					};
					6075413E2104CC4C00EB258D = {
						CreatedOnToolsVersion = 9.4.1;
						TestTargetID = 607541262104CC4B00EB258D;
					};
					607541492104CC4C00EB258D = {
						CreatedOnToolsVersion = 9.4.1;
						TestTargetID = 607541262104CC4B00EB258D;
					};
				};
			};
			buildConfigurationList = 607541222104CC4B00EB258D /* Build configuration list for PBXProject "EYDouYin" */;
			compatibilityVersion = "Xcode 9.3";
			developmentRegion = en;
			hasScannedForEncodings = 0;
			knownRegions = (
				en,
				Base,
			);
			mainGroup = 6075411E2104CC4B00EB258D;
			productRefGroup = 607541282104CC4B00EB258D /* Products */;
			projectDirPath = "";
			projectRoot = "";
			targets = (
				607541262104CC4B00EB258D /* EYDouYin */,
				6075413E2104CC4C00EB258D /* EYDouYinTests */,
				607541492104CC4C00EB258D /* EYDouYinUITests */,
			);
		};
/* End PBXProject section */

/* Begin PBXResourcesBuildPhase section */
		607541252104CC4B00EB258D /* Resources */ = {
			isa = PBXResourcesBuildPhase;
			buildActionMask = 2147483647;
			files = (
				607541372104CC4C00EB258D /* LaunchScreen.storyboard in Resources */,
				607541342104CC4C00EB258D /* Assets.xcassets in Resources */,
				607541322104CC4B00EB258D /* Main.storyboard in Resources */,
			);
			runOnlyForDeploymentPostprocessing = 0;
		};
		6075413D2104CC4C00EB258D /* Resources */ = {
			isa = PBXResourcesBuildPhase;
			buildActionMask = 2147483647;
			files = (
			);
			runOnlyForDeploymentPostprocessing = 0;
		};
		607541482104CC4C00EB258D /* Resources */ = {
			isa = PBXResourcesBuildPhase;
			buildActionMask = 2147483647;
			files = (
			);
			runOnlyForDeploymentPostprocessing = 0;
		};
/* End PBXResourcesBuildPhase section */

/* Begin PBXSourcesBuildPhase section */
		607541232104CC4B00EB258D /* Sources */ = {
			isa = PBXSourcesBuildPhase;
			buildActionMask = 2147483647;
			files = (
				6075416D2104CFE000EB258D /* EYHttpManager.m in Sources */,
				6075413A2104CC4C00EB258D /* main.m in Sources */,
				60BBC6912104D9D900DEEA34 /* EYConstant.m in Sources */,
				601B03192104DDED00489E96 /* EYFindViewController.m in Sources */,
				6075412C2104CC4B00EB258D /* AppDelegate.m in Sources */,
				601B03152104DCBD00489E96 /* EYTabBarController.m in Sources */,
				6075416F2104D15F00EB258D /* Foundation+Log.m in Sources */,
				60BBC6892104D83400DEEA34 /* EYNavigationController.m in Sources */,
				60BBC68E2104D8D200DEEA34 /* EYRootViewController.m in Sources */,
				60BBC68B2104D83400DEEA34 /* EYBaseViewController.m in Sources */,
			);
			runOnlyForDeploymentPostprocessing = 0;
		};
		6075413B2104CC4C00EB258D /* Sources */ = {
			isa = PBXSourcesBuildPhase;
			buildActionMask = 2147483647;
			files = (
				607541442104CC4C00EB258D /* EYDouYinTests.m in Sources */,
			);
			runOnlyForDeploymentPostprocessing = 0;
		};
		607541462104CC4C00EB258D /* Sources */ = {
			isa = PBXSourcesBuildPhase;
			buildActionMask = 2147483647;
			files = (
				6075414F2104CC4C00EB258D /* EYDouYinUITests.m in Sources */,
			);
			runOnlyForDeploymentPostprocessing = 0;
		};
/* End PBXSourcesBuildPhase section */

/* Begin PBXTargetDependency section */
		607541412104CC4C00EB258D /* PBXTargetDependency */ = {
			isa = PBXTargetDependency;
			target = 607541262104CC4B00EB258D /* EYDouYin */;
			targetProxy = 607541402104CC4C00EB258D /* PBXContainerItemProxy */;
		};
		6075414C2104CC4C00EB258D /* PBXTargetDependency */ = {
			isa = PBXTargetDependency;
			target = 607541262104CC4B00EB258D /* EYDouYin */;
			targetProxy = 6075414B2104CC4C00EB258D /* PBXContainerItemProxy */;
		};
/* End PBXTargetDependency section */

/* Begin PBXVariantGroup section */
		607541302104CC4B00EB258D /* Main.storyboard */ = {
			isa = PBXVariantGroup;
			children = (
				607541312104CC4B00EB258D /* Base */,
			);
			name = Main.storyboard;
			sourceTree = "<group>";
		};
		607541352104CC4C00EB258D /* LaunchScreen.storyboard */ = {
			isa = PBXVariantGroup;
			children = (
				607541362104CC4C00EB258D /* Base */,
			);
			name = LaunchScreen.storyboard;
			sourceTree = "<group>";
		};
/* End PBXVariantGroup section */

/* Begin XCBuildConfiguration section */
		607541512104CC4C00EB258D /* Debug */ = {
			isa = XCBuildConfiguration;
			buildSettings = {
				ALWAYS_SEARCH_USER_PATHS = NO;
				CLANG_ANALYZER_NONNULL = YES;
				CLANG_ANALYZER_NUMBER_OBJECT_CONVERSION = YES_AGGRESSIVE;
				CLANG_CXX_LANGUAGE_STANDARD = "gnu++14";
				CLANG_CXX_LIBRARY = "libc++";
				CLANG_ENABLE_MODULES = YES;
				CLANG_ENABLE_OBJC_ARC = YES;
				CLANG_ENABLE_OBJC_WEAK = YES;
				CLANG_WARN_BLOCK_CAPTURE_AUTORELEASING = YES;
				CLANG_WARN_BOOL_CONVERSION = YES;
				CLANG_WARN_COMMA = YES;
				CLANG_WARN_CONSTANT_CONVERSION = YES;
				CLANG_WARN_DEPRECATED_OBJC_IMPLEMENTATIONS = YES;
				CLANG_WARN_DIRECT_OBJC_ISA_USAGE = YES_ERROR;
				CLANG_WARN_DOCUMENTATION_COMMENTS = YES;
				CLANG_WARN_EMPTY_BODY = YES;
				CLANG_WARN_ENUM_CONVERSION = YES;
				CLANG_WARN_INFINITE_RECURSION = YES;
				CLANG_WARN_INT_CONVERSION = YES;
				CLANG_WARN_NON_LITERAL_NULL_CONVERSION = YES;
				CLANG_WARN_OBJC_IMPLICIT_RETAIN_SELF = YES;
				CLANG_WARN_OBJC_LITERAL_CONVERSION = YES;
				CLANG_WARN_OBJC_ROOT_CLASS = YES_ERROR;
				CLANG_WARN_RANGE_LOOP_ANALYSIS = YES;
				CLANG_WARN_STRICT_PROTOTYPES = YES;
				CLANG_WARN_SUSPICIOUS_MOVE = YES;
				CLANG_WARN_UNGUARDED_AVAILABILITY = YES_AGGRESSIVE;
				CLANG_WARN_UNREACHABLE_CODE = YES;
				CLANG_WARN__DUPLICATE_METHOD_MATCH = YES;
				CODE_SIGN_IDENTITY = "iPhone Developer";
				COPY_PHASE_STRIP = NO;
				DEBUG_INFORMATION_FORMAT = dwarf;
				ENABLE_STRICT_OBJC_MSGSEND = YES;
				ENABLE_TESTABILITY = YES;
				GCC_C_LANGUAGE_STANDARD = gnu11;
				GCC_DYNAMIC_NO_PIC = NO;
				GCC_NO_COMMON_BLOCKS = YES;
				GCC_OPTIMIZATION_LEVEL = 0;
				GCC_PREPROCESSOR_DEFINITIONS = (
					"DEBUG=1",
					"$(inherited)",
				);
				GCC_WARN_64_TO_32_BIT_CONVERSION = YES;
				GCC_WARN_ABOUT_RETURN_TYPE = YES_ERROR;
				GCC_WARN_UNDECLARED_SELECTOR = YES;
				GCC_WARN_UNINITIALIZED_AUTOS = YES_AGGRESSIVE;
				GCC_WARN_UNUSED_FUNCTION = YES;
				GCC_WARN_UNUSED_VARIABLE = YES;
				IPHONEOS_DEPLOYMENT_TARGET = 11.4;
				MTL_ENABLE_DEBUG_INFO = YES;
				ONLY_ACTIVE_ARCH = YES;
				SDKROOT = iphoneos;
			};
			name = Debug;
		};
		607541522104CC4C00EB258D /* Release */ = {
			isa = XCBuildConfiguration;
			buildSettings = {
				ALWAYS_SEARCH_USER_PATHS = NO;
				CLANG_ANALYZER_NONNULL = YES;
				CLANG_ANALYZER_NUMBER_OBJECT_CONVERSION = YES_AGGRESSIVE;
				CLANG_CXX_LANGUAGE_STANDARD = "gnu++14";
				CLANG_CXX_LIBRARY = "libc++";
				CLANG_ENABLE_MODULES = YES;
				CLANG_ENABLE_OBJC_ARC = YES;
				CLANG_ENABLE_OBJC_WEAK = YES;
				CLANG_WARN_BLOCK_CAPTURE_AUTORELEASING = YES;
				CLANG_WARN_BOOL_CONVERSION = YES;
				CLANG_WARN_COMMA = YES;
				CLANG_WARN_CONSTANT_CONVERSION = YES;
				CLANG_WARN_DEPRECATED_OBJC_IMPLEMENTATIONS = YES;
				CLANG_WARN_DIRECT_OBJC_ISA_USAGE = YES_ERROR;
				CLANG_WARN_DOCUMENTATION_COMMENTS = YES;
				CLANG_WARN_EMPTY_BODY = YES;
				CLANG_WARN_ENUM_CONVERSION = YES;
				CLANG_WARN_INFINITE_RECURSION = YES;
				CLANG_WARN_INT_CONVERSION = YES;
				CLANG_WARN_NON_LITERAL_NULL_CONVERSION = YES;
				CLANG_WARN_OBJC_IMPLICIT_RETAIN_SELF = YES;
				CLANG_WARN_OBJC_LITERAL_CONVERSION = YES;
				CLANG_WARN_OBJC_ROOT_CLASS = YES_ERROR;
				CLANG_WARN_RANGE_LOOP_ANALYSIS = YES;
				CLANG_WARN_STRICT_PROTOTYPES = YES;
				CLANG_WARN_SUSPICIOUS_MOVE = YES;
				CLANG_WARN_UNGUARDED_AVAILABILITY = YES_AGGRESSIVE;
				CLANG_WARN_UNREACHABLE_CODE = YES;
				CLANG_WARN__DUPLICATE_METHOD_MATCH = YES;
				CODE_SIGN_IDENTITY = "iPhone Developer";
				COPY_PHASE_STRIP = NO;
				DEBUG_INFORMATION_FORMAT = "dwarf-with-dsym";
				ENABLE_NS_ASSERTIONS = NO;
				ENABLE_STRICT_OBJC_MSGSEND = YES;
				GCC_C_LANGUAGE_STANDARD = gnu11;
				GCC_NO_COMMON_BLOCKS = YES;
				GCC_WARN_64_TO_32_BIT_CONVERSION = YES;
				GCC_WARN_ABOUT_RETURN_TYPE = YES_ERROR;
				GCC_WARN_UNDECLARED_SELECTOR = YES;
				GCC_WARN_UNINITIALIZED_AUTOS = YES_AGGRESSIVE;
				GCC_WARN_UNUSED_FUNCTION = YES;
				GCC_WARN_UNUSED_VARIABLE = YES;
				IPHONEOS_DEPLOYMENT_TARGET = 11.4;
				MTL_ENABLE_DEBUG_INFO = NO;
				SDKROOT = iphoneos;
				VALIDATE_PRODUCT = YES;
			};
			name = Release;
		};
		607541542104CC4C00EB258D /* Debug */ = {
			isa = XCBuildConfiguration;
			buildSettings = {
				ASSETCATALOG_COMPILER_APPICON_NAME = AppIcon;
				CODE_SIGN_STYLE = Automatic;
				DEVELOPMENT_TEAM = PYJ3M9TJFN;
				GCC_PRECOMPILE_PREFIX_HEADER = YES;
				GCC_PREFIX_HEADER = "/Users/lieryang/个人/iOS项目/EYDouYin/EYDouYin/EYDouYin/Class/Main/Other/PrefixHeader.pch";
				INFOPLIST_FILE = EYDouYin/Info.plist;
				LD_RUNPATH_SEARCH_PATHS = (
					"$(inherited)",
					"@executable_path/Frameworks",
				);
				PRODUCT_BUNDLE_IDENTIFIER = lieryang.EYDouYin;
				PRODUCT_NAME = "$(TARGET_NAME)";
				TARGETED_DEVICE_FAMILY = "1,2";
			};
			name = Debug;
		};
		607541552104CC4C00EB258D /* Release */ = {
			isa = XCBuildConfiguration;
			buildSettings = {
				ASSETCATALOG_COMPILER_APPICON_NAME = AppIcon;
				CODE_SIGN_STYLE = Automatic;
				DEVELOPMENT_TEAM = PYJ3M9TJFN;
				GCC_PRECOMPILE_PREFIX_HEADER = YES;
				GCC_PREFIX_HEADER = "/Users/lieryang/个人/iOS项目/EYDouYin/EYDouYin/EYDouYin/Class/Main/Other/PrefixHeader.pch";
				INFOPLIST_FILE = EYDouYin/Info.plist;
				LD_RUNPATH_SEARCH_PATHS = (
					"$(inherited)",
					"@executable_path/Frameworks",
				);
				PRODUCT_BUNDLE_IDENTIFIER = lieryang.EYDouYin;
				PRODUCT_NAME = "$(TARGET_NAME)";
				TARGETED_DEVICE_FAMILY = "1,2";
			};
			name = Release;
		};
		607541572104CC4C00EB258D /* Debug */ = {
			isa = XCBuildConfiguration;
			buildSettings = {
				BUNDLE_LOADER = "$(TEST_HOST)";
				CODE_SIGN_STYLE = Automatic;
				DEVELOPMENT_TEAM = PYJ3M9TJFN;
				INFOPLIST_FILE = EYDouYinTests/Info.plist;
				LD_RUNPATH_SEARCH_PATHS = (
					"$(inherited)",
					"@executable_path/Frameworks",
					"@loader_path/Frameworks",
				);
				PRODUCT_BUNDLE_IDENTIFIER = lieryang.EYDouYinTests;
				PRODUCT_NAME = "$(TARGET_NAME)";
				TARGETED_DEVICE_FAMILY = "1,2";
				TEST_HOST = "$(BUILT_PRODUCTS_DIR)/EYDouYin.app/EYDouYin";
			};
			name = Debug;
		};
		607541582104CC4C00EB258D /* Release */ = {
			isa = XCBuildConfiguration;
			buildSettings = {
				BUNDLE_LOADER = "$(TEST_HOST)";
				CODE_SIGN_STYLE = Automatic;
				DEVELOPMENT_TEAM = PYJ3M9TJFN;
				INFOPLIST_FILE = EYDouYinTests/Info.plist;
				LD_RUNPATH_SEARCH_PATHS = (
					"$(inherited)",
					"@executable_path/Frameworks",
					"@loader_path/Frameworks",
				);
				PRODUCT_BUNDLE_IDENTIFIER = lieryang.EYDouYinTests;
				PRODUCT_NAME = "$(TARGET_NAME)";
				TARGETED_DEVICE_FAMILY = "1,2";
				TEST_HOST = "$(BUILT_PRODUCTS_DIR)/EYDouYin.app/EYDouYin";
			};
			name = Release;
		};
		6075415A2104CC4C00EB258D /* Debug */ = {
			isa = XCBuildConfiguration;
			buildSettings = {
				CODE_SIGN_STYLE = Automatic;
				DEVELOPMENT_TEAM = PYJ3M9TJFN;
				INFOPLIST_FILE = EYDouYinUITests/Info.plist;
				LD_RUNPATH_SEARCH_PATHS = (
					"$(inherited)",
					"@executable_path/Frameworks",
					"@loader_path/Frameworks",
				);
				PRODUCT_BUNDLE_IDENTIFIER = lieryang.EYDouYinUITests;
				PRODUCT_NAME = "$(TARGET_NAME)";
				TARGETED_DEVICE_FAMILY = "1,2";
				TEST_TARGET_NAME = EYDouYin;
			};
			name = Debug;
		};
		6075415B2104CC4C00EB258D /* Release */ = {
			isa = XCBuildConfiguration;
			buildSettings = {
				CODE_SIGN_STYLE = Automatic;
				DEVELOPMENT_TEAM = PYJ3M9TJFN;
				INFOPLIST_FILE = EYDouYinUITests/Info.plist;
				LD_RUNPATH_SEARCH_PATHS = (
					"$(inherited)",
					"@executable_path/Frameworks",
					"@loader_path/Frameworks",
				);
				PRODUCT_BUNDLE_IDENTIFIER = lieryang.EYDouYinUITests;
				PRODUCT_NAME = "$(TARGET_NAME)";
				TARGETED_DEVICE_FAMILY = "1,2";
				TEST_TARGET_NAME = EYDouYin;
			};
			name = Release;
		};
/* End XCBuildConfiguration section */

/* Begin XCConfigurationList section */
		607541222104CC4B00EB258D /* Build configuration list for PBXProject "EYDouYin" */ = {
			isa = XCConfigurationList;
			buildConfigurations = (
				607541512104CC4C00EB258D /* Debug */,
				607541522104CC4C00EB258D /* Release */,
			);
			defaultConfigurationIsVisible = 0;
			defaultConfigurationName = Release;
		};
		607541532104CC4C00EB258D /* Build configuration list for PBXNativeTarget "EYDouYin" */ = {
			isa = XCConfigurationList;
			buildConfigurations = (
				607541542104CC4C00EB258D /* Debug */,
				607541552104CC4C00EB258D /* Release */,
			);
			defaultConfigurationIsVisible = 0;
			defaultConfigurationName = Release;
		};
		607541562104CC4C00EB258D /* Build configuration list for PBXNativeTarget "EYDouYinTests" */ = {
			isa = XCConfigurationList;
			buildConfigurations = (
				607541572104CC4C00EB258D /* Debug */,
				607541582104CC4C00EB258D /* Release */,
			);
			defaultConfigurationIsVisible = 0;
			defaultConfigurationName = Release;
		};
		607541592104CC4C00EB258D /* Build configuration list for PBXNativeTarget "EYDouYinUITests" */ = {
			isa = XCConfigurationList;
			buildConfigurations = (
				6075415A2104CC4C00EB258D /* Debug */,
				6075415B2104CC4C00EB258D /* Release */,
			);
			defaultConfigurationIsVisible = 0;
			defaultConfigurationName = Release;
		};
/* End XCConfigurationList section */
	};
	rootObject = 6075411F2104CC4B00EB258D /* Project object */;
}
