// !$*UTF8*$!
{
	archiveVersion = 1;
	classes = {
	};
	objectVersion = 50;
	objects = {

/* Begin PBXBuildFile section */
		12456AD2F580F71E29D93144 /* libPods-EYDouYin.a in Frameworks */ = {isa = PBXBuildFile; fileRef = 8108F30C51AA75E71455FEBD /* libPods-EYDouYin.a */; };
		6000D86F213D1CFB00491BB7 /* Localizable.strings in Resources */ = {isa = PBXBuildFile; fileRef = 6000D871213D1CFB00491BB7 /* Localizable.strings */; };
		6012FD68215A2FA5004A3083 /* EYHomeBackView.m in Sources */ = {isa = PBXBuildFile; fileRef = 6012FD67215A2FA5004A3083 /* EYHomeBackView.m */; };
		6012FD6A215A2FB8004A3083 /* EYHomeBackView.xib in Resources */ = {isa = PBXBuildFile; fileRef = 6012FD69215A2FB8004A3083 /* EYHomeBackView.xib */; };
		6012FD70215A36BF004A3083 /* UIView+EYCornerRadius.m in Sources */ = {isa = PBXBuildFile; fileRef = 6012FD6F215A36BF004A3083 /* UIView+EYCornerRadius.m */; };
		601B03152104DCBD00489E96 /* EYTabBarController.m in Sources */ = {isa = PBXBuildFile; fileRef = 601B03142104DCBD00489E96 /* EYTabBarController.m */; };
		601B03192104DDED00489E96 /* EYFindViewController.m in Sources */ = {isa = PBXBuildFile; fileRef = 601B03182104DDED00489E96 /* EYFindViewController.m */; };
		601B032221056E4E00489E96 /* EYSendViewController.m in Sources */ = {isa = PBXBuildFile; fileRef = 601B032121056E4E00489E96 /* EYSendViewController.m */; };
		601B032521056E5F00489E96 /* EYHomeViewController.m in Sources */ = {isa = PBXBuildFile; fileRef = 601B032421056E5F00489E96 /* EYHomeViewController.m */; };
		601B032821056E6900489E96 /* EYLikeViewController.m in Sources */ = {isa = PBXBuildFile; fileRef = 601B032721056E6900489E96 /* EYLikeViewController.m */; };
		601B032B21056E7700489E96 /* EYMeViewController.m in Sources */ = {isa = PBXBuildFile; fileRef = 601B032A21056E7700489E96 /* EYMeViewController.m */; };
		601B032E21056E8600489E96 /* EYMessageViewController.m in Sources */ = {isa = PBXBuildFile; fileRef = 601B032D21056E8600489E96 /* EYMessageViewController.m */; };
		604D55612139325900F83249 /* EYHomeTitleView.m in Sources */ = {isa = PBXBuildFile; fileRef = 604D55602139325900F83249 /* EYHomeTitleView.m */; };
		604D55632139326300F83249 /* EYHomeTitleView.xib in Resources */ = {isa = PBXBuildFile; fileRef = 604D55622139326300F83249 /* EYHomeTitleView.xib */; };
		6055AD382116933E005DC856 /* UIView+Extension.m in Sources */ = {isa = PBXBuildFile; fileRef = 6055AD372116933E005DC856 /* UIView+Extension.m */; };
		6055AD3C2116B382005DC856 /* TabBar.json in Resources */ = {isa = PBXBuildFile; fileRef = 6055AD3B2116B382005DC856 /* TabBar.json */; };
		6055AD3F2116B929005DC856 /* NSString+EYExtension.m in Sources */ = {isa = PBXBuildFile; fileRef = 6055AD3E2116B929005DC856 /* NSString+EYExtension.m */; };
		6055AD422116CD21005DC856 /* EYTabBarView.m in Sources */ = {isa = PBXBuildFile; fileRef = 6055AD412116CD21005DC856 /* EYTabBarView.m */; };
		6055AD442116D18A005DC856 /* EYTabBarView.xib in Resources */ = {isa = PBXBuildFile; fileRef = 6055AD432116D18A005DC856 /* EYTabBarView.xib */; };
		606E6FA3212813CA00ABEB83 /* EYLikeCell.m in Sources */ = {isa = PBXBuildFile; fileRef = 606E6FA1212813CA00ABEB83 /* EYLikeCell.m */; };
		606E6FA4212813CA00ABEB83 /* EYLikeCell.xib in Resources */ = {isa = PBXBuildFile; fileRef = 606E6FA2212813CA00ABEB83 /* EYLikeCell.xib */; };
		606E6FA721284FD900ABEB83 /* EYBaseTableViewController.m in Sources */ = {isa = PBXBuildFile; fileRef = 606E6FA621284FD900ABEB83 /* EYBaseTableViewController.m */; };
		606E6FAA21284FF400ABEB83 /* EYBaseCollectionViewController.m in Sources */ = {isa = PBXBuildFile; fileRef = 606E6FA921284FF400ABEB83 /* EYBaseCollectionViewController.m */; };
		6075412C2104CC4B00EB258D /* AppDelegate.m in Sources */ = {isa = PBXBuildFile; fileRef = 6075412B2104CC4B00EB258D /* AppDelegate.m */; };
		607541342104CC4C00EB258D /* Assets.xcassets in Resources */ = {isa = PBXBuildFile; fileRef = 607541332104CC4C00EB258D /* Assets.xcassets */; };
		607541372104CC4C00EB258D /* LaunchScreen.storyboard in Resources */ = {isa = PBXBuildFile; fileRef = 607541352104CC4C00EB258D /* LaunchScreen.storyboard */; };
		6075413A2104CC4C00EB258D /* main.m in Sources */ = {isa = PBXBuildFile; fileRef = 607541392104CC4C00EB258D /* main.m */; };
		607541442104CC4C00EB258D /* EYDouYinTests.m in Sources */ = {isa = PBXBuildFile; fileRef = 607541432104CC4C00EB258D /* EYDouYinTests.m */; };
		6075414F2104CC4C00EB258D /* EYDouYinUITests.m in Sources */ = {isa = PBXBuildFile; fileRef = 6075414E2104CC4C00EB258D /* EYDouYinUITests.m */; };
		6075416D2104CFE000EB258D /* EYHttpManager.m in Sources */ = {isa = PBXBuildFile; fileRef = 6075416C2104CFE000EB258D /* EYHttpManager.m */; };
		6075416F2104D15F00EB258D /* Foundation+Log.m in Sources */ = {isa = PBXBuildFile; fileRef = 6075416E2104D15F00EB258D /* Foundation+Log.m */; };
		6076A15D2148E097002ED551 /* ChinLab_en.json in Resources */ = {isa = PBXBuildFile; fileRef = 6076A15C2148E096002ED551 /* ChinLab_en.json */; };
		6076A15F2148EC31002ED551 /* Items.json in Resources */ = {isa = PBXBuildFile; fileRef = 6076A15E2148EC31002ED551 /* Items.json */; };
		6076A1622148F696002ED551 /* EYHomeItemModel.m in Sources */ = {isa = PBXBuildFile; fileRef = 6076A1612148F696002ED551 /* EYHomeItemModel.m */; };
		6076A1662148FA4D002ED551 /* EYHomeItemLikeModel.m in Sources */ = {isa = PBXBuildFile; fileRef = 6076A1652148FA4D002ED551 /* EYHomeItemLikeModel.m */; };
		6076A1692148FB7D002ED551 /* EYHomeItemCommentModel.m in Sources */ = {isa = PBXBuildFile; fileRef = 6076A1682148FB7D002ED551 /* EYHomeItemCommentModel.m */; };
		6076A16B214A05BF002ED551 /* MediaPlayer.framework in Frameworks */ = {isa = PBXBuildFile; fileRef = 6076A16A214A05BF002ED551 /* MediaPlayer.framework */; };
		6076A171214A4D26002ED551 /* EYHomeCityViewController.m in Sources */ = {isa = PBXBuildFile; fileRef = 6076A170214A4D26002ED551 /* EYHomeCityViewController.m */; };
		6076A1792150CFD8002ED551 /* DispatchTimer.m in Sources */ = {isa = PBXBuildFile; fileRef = 6076A1782150CFD8002ED551 /* DispatchTimer.m */; };
		6076A1802150FE71002ED551 /* EYHomeWorksViewController.m in Sources */ = {isa = PBXBuildFile; fileRef = 6076A17F2150FE71002ED551 /* EYHomeWorksViewController.m */; };
		60B2FAC52137D5B40046D13D /* EYPerson.m in Sources */ = {isa = PBXBuildFile; fileRef = 60B2FAC42137D5B40046D13D /* EYPerson.m */; };
		60B2FAE4213916270046D13D /* EYHomeInfoView.m in Sources */ = {isa = PBXBuildFile; fileRef = 60B2FAE3213916270046D13D /* EYHomeInfoView.m */; };
		60B2FAE6213916330046D13D /* EYHomeInfoView.xib in Resources */ = {isa = PBXBuildFile; fileRef = 60B2FAE5213916330046D13D /* EYHomeInfoView.xib */; };
		60B2FAE92139167C0046D13D /* EYHomeSharedView.m in Sources */ = {isa = PBXBuildFile; fileRef = 60B2FAE82139167C0046D13D /* EYHomeSharedView.m */; };
		60B2FAEB213916870046D13D /* EYHomeSharedView.xib in Resources */ = {isa = PBXBuildFile; fileRef = 60B2FAEA213916870046D13D /* EYHomeSharedView.xib */; };
		60BBC6892104D83400DEEA34 /* EYNavigationController.m in Sources */ = {isa = PBXBuildFile; fileRef = 60BBC6842104D83400DEEA34 /* EYNavigationController.m */; };
		60BBC68B2104D83400DEEA34 /* EYBaseViewController.m in Sources */ = {isa = PBXBuildFile; fileRef = 60BBC6862104D83400DEEA34 /* EYBaseViewController.m */; };
		60BBC68E2104D8D200DEEA34 /* EYRootViewController.m in Sources */ = {isa = PBXBuildFile; fileRef = 60BBC68D2104D8D200DEEA34 /* EYRootViewController.m */; };
		60BBC6912104D9D900DEEA34 /* EYConstant.m in Sources */ = {isa = PBXBuildFile; fileRef = 60BBC6902104D9D900DEEA34 /* EYConstant.m */; };
		60D81BB92132710600456939 /* EYHomeItemView.m in Sources */ = {isa = PBXBuildFile; fileRef = 60D81BB82132710600456939 /* EYHomeItemView.m */; };
		60D81BBB2132711100456939 /* EYHomeItemView.xib in Resources */ = {isa = PBXBuildFile; fileRef = 60D81BBA2132711100456939 /* EYHomeItemView.xib */; };
		60ED6DFA215F6DD600381DBD /* openAnimation.gif in Resources */ = {isa = PBXBuildFile; fileRef = 60ED6DF9215F6DD600381DBD /* openAnimation.gif */; };
		60ED6DFC215F6EBB00381DBD /* lastFrame.png in Resources */ = {isa = PBXBuildFile; fileRef = 60ED6DFB215F6EBB00381DBD /* lastFrame.png */; };
		60ED70C22160987E00381DBD /* EYScrollView.m in Sources */ = {isa = PBXBuildFile; fileRef = 60ED70C12160987E00381DBD /* EYScrollView.m */; };
		60ED70C52160B0EF00381DBD /* EYHomeBackItemView.m in Sources */ = {isa = PBXBuildFile; fileRef = 60ED70C42160B0EF00381DBD /* EYHomeBackItemView.m */; };
		60ED70C72160B0FC00381DBD /* EYHomeBackItemView.xib in Resources */ = {isa = PBXBuildFile; fileRef = 60ED70C62160B0FC00381DBD /* EYHomeBackItemView.xib */; };
		60ED70CA2160BD8500381DBD /* EYHomeBackItemModel.m in Sources */ = {isa = PBXBuildFile; fileRef = 60ED70C92160BD8500381DBD /* EYHomeBackItemModel.m */; };
		60EE77AC211F5239004133A6 /* EYFindTopView.m in Sources */ = {isa = PBXBuildFile; fileRef = 60EE77AB211F5239004133A6 /* EYFindTopView.m */; };
		60EE77AF211F52A4004133A6 /* EYFindTopView.xib in Resources */ = {isa = PBXBuildFile; fileRef = 60EE77AE211F52A4004133A6 /* EYFindTopView.xib */; };
		60EE77B321201CE8004133A6 /* EYTestViewController.m in Sources */ = {isa = PBXBuildFile; fileRef = 60EE77B221201CE8004133A6 /* EYTestViewController.m */; };
		60EE77B62120217D004133A6 /* UIBarButtonItem+EYExtension.m in Sources */ = {isa = PBXBuildFile; fileRef = 60EE77B52120217D004133A6 /* UIBarButtonItem+EYExtension.m */; };
		60EE77B82120282C004133A6 /* EYTestViewView.xib in Resources */ = {isa = PBXBuildFile; fileRef = 60EE77B72120282C004133A6 /* EYTestViewView.xib */; };
		60EE77BF21204188004133A6 /* NSObject+EYRuntime.m in Sources */ = {isa = PBXBuildFile; fileRef = 60EE77BE21204188004133A6 /* NSObject+EYRuntime.m */; };
/* End PBXBuildFile section */

/* Begin PBXContainerItemProxy section */
		607541402104CC4C00EB258D /* PBXContainerItemProxy */ = {
			isa = PBXContainerItemProxy;
			containerPortal = 6075411F2104CC4B00EB258D /* Project object */;
			proxyType = 1;
			remoteGlobalIDString = 607541262104CC4B00EB258D;
			remoteInfo = EYDouYin;
		};
		6075414B2104CC4C00EB258D /* PBXContainerItemProxy */ = {
			isa = PBXContainerItemProxy;
			containerPortal = 6075411F2104CC4B00EB258D /* Project object */;
			proxyType = 1;
			remoteGlobalIDString = 607541262104CC4B00EB258D;
			remoteInfo = EYDouYin;
		};
/* End PBXContainerItemProxy section */

/* Begin PBXFileReference section */
		2C2163A71ED181EE341E06B8 /* Pods-EYDouYin.debug.xcconfig */ = {isa = PBXFileReference; includeInIndex = 1; lastKnownFileType = text.xcconfig; name = "Pods-EYDouYin.debug.xcconfig"; path = "Pods/Target Support Files/Pods-EYDouYin/Pods-EYDouYin.debug.xcconfig"; sourceTree = "<group>"; };
		2D2814A2580E2965D9B57163 /* libPods-EYDouYinUITests.a */ = {isa = PBXFileReference; explicitFileType = archive.ar; includeInIndex = 0; path = "libPods-EYDouYinUITests.a"; sourceTree = BUILT_PRODUCTS_DIR; };
		4F8685C22B833ADCA49ADA7C /* Pods-EYDouYin.release.xcconfig */ = {isa = PBXFileReference; includeInIndex = 1; lastKnownFileType = text.xcconfig; name = "Pods-EYDouYin.release.xcconfig"; path = "Pods/Target Support Files/Pods-EYDouYin/Pods-EYDouYin.release.xcconfig"; sourceTree = "<group>"; };
		6000D86C213D1C6700491BB7 /* zh-Hans */ = {isa = PBXFileReference; lastKnownFileType = text.plist.strings; name = "zh-Hans"; path = "zh-Hans.lproj/LaunchScreen.strings"; sourceTree = "<group>"; };
		6000D870213D1CFB00491BB7 /* en */ = {isa = PBXFileReference; lastKnownFileType = text.plist.strings; name = en; path = en.lproj/Localizable.strings; sourceTree = "<group>"; };
		6000D872213D1CFF00491BB7 /* zh-Hans */ = {isa = PBXFileReference; lastKnownFileType = text.plist.strings; name = "zh-Hans"; path = "zh-Hans.lproj/Localizable.strings"; sourceTree = "<group>"; };
		6012FD66215A2FA5004A3083 /* EYHomeBackView.h */ = {isa = PBXFileReference; lastKnownFileType = sourcecode.c.h; path = EYHomeBackView.h; sourceTree = "<group>"; };
		6012FD67215A2FA5004A3083 /* EYHomeBackView.m */ = {isa = PBXFileReference; lastKnownFileType = sourcecode.c.objc; path = EYHomeBackView.m; sourceTree = "<group>"; };
		6012FD69215A2FB8004A3083 /* EYHomeBackView.xib */ = {isa = PBXFileReference; lastKnownFileType = file.xib; path = EYHomeBackView.xib; sourceTree = "<group>"; };
		6012FD6E215A36BF004A3083 /* UIView+EYCornerRadius.h */ = {isa = PBXFileReference; lastKnownFileType = sourcecode.c.h; path = "UIView+EYCornerRadius.h"; sourceTree = "<group>"; };
		6012FD6F215A36BF004A3083 /* UIView+EYCornerRadius.m */ = {isa = PBXFileReference; lastKnownFileType = sourcecode.c.objc; path = "UIView+EYCornerRadius.m"; sourceTree = "<group>"; };
		601B03132104DCBD00489E96 /* EYTabBarController.h */ = {isa = PBXFileReference; lastKnownFileType = sourcecode.c.h; path = EYTabBarController.h; sourceTree = "<group>"; };
		601B03142104DCBD00489E96 /* EYTabBarController.m */ = {isa = PBXFileReference; lastKnownFileType = sourcecode.c.objc; path = EYTabBarController.m; sourceTree = "<group>"; };
		601B03172104DDED00489E96 /* EYFindViewController.h */ = {isa = PBXFileReference; lastKnownFileType = sourcecode.c.h; path = EYFindViewController.h; sourceTree = "<group>"; };
		601B03182104DDED00489E96 /* EYFindViewController.m */ = {isa = PBXFileReference; lastKnownFileType = sourcecode.c.objc; path = EYFindViewController.m; sourceTree = "<group>"; };
		601B032021056E4E00489E96 /* EYSendViewController.h */ = {isa = PBXFileReference; lastKnownFileType = sourcecode.c.h; path = EYSendViewController.h; sourceTree = "<group>"; };
		601B032121056E4E00489E96 /* EYSendViewController.m */ = {isa = PBXFileReference; lastKnownFileType = sourcecode.c.objc; path = EYSendViewController.m; sourceTree = "<group>"; };
		601B032321056E5F00489E96 /* EYHomeViewController.h */ = {isa = PBXFileReference; lastKnownFileType = sourcecode.c.h; path = EYHomeViewController.h; sourceTree = "<group>"; };
		601B032421056E5F00489E96 /* EYHomeViewController.m */ = {isa = PBXFileReference; lastKnownFileType = sourcecode.c.objc; path = EYHomeViewController.m; sourceTree = "<group>"; };
		601B032621056E6900489E96 /* EYLikeViewController.h */ = {isa = PBXFileReference; lastKnownFileType = sourcecode.c.h; path = EYLikeViewController.h; sourceTree = "<group>"; };
		601B032721056E6900489E96 /* EYLikeViewController.m */ = {isa = PBXFileReference; lastKnownFileType = sourcecode.c.objc; path = EYLikeViewController.m; sourceTree = "<group>"; };
		601B032921056E7700489E96 /* EYMeViewController.h */ = {isa = PBXFileReference; lastKnownFileType = sourcecode.c.h; path = EYMeViewController.h; sourceTree = "<group>"; };
		601B032A21056E7700489E96 /* EYMeViewController.m */ = {isa = PBXFileReference; lastKnownFileType = sourcecode.c.objc; path = EYMeViewController.m; sourceTree = "<group>"; };
		601B032C21056E8600489E96 /* EYMessageViewController.h */ = {isa = PBXFileReference; lastKnownFileType = sourcecode.c.h; path = EYMessageViewController.h; sourceTree = "<group>"; };
		601B032D21056E8600489E96 /* EYMessageViewController.m */ = {isa = PBXFileReference; lastKnownFileType = sourcecode.c.objc; path = EYMessageViewController.m; sourceTree = "<group>"; };
		604D555F2139325900F83249 /* EYHomeTitleView.h */ = {isa = PBXFileReference; lastKnownFileType = sourcecode.c.h; path = EYHomeTitleView.h; sourceTree = "<group>"; };
		604D55602139325900F83249 /* EYHomeTitleView.m */ = {isa = PBXFileReference; lastKnownFileType = sourcecode.c.objc; path = EYHomeTitleView.m; sourceTree = "<group>"; };
		604D55622139326300F83249 /* EYHomeTitleView.xib */ = {isa = PBXFileReference; lastKnownFileType = file.xib; path = EYHomeTitleView.xib; sourceTree = "<group>"; };
		6055AD362116933E005DC856 /* UIView+Extension.h */ = {isa = PBXFileReference; fileEncoding = 4; lastKnownFileType = sourcecode.c.h; path = "UIView+Extension.h"; sourceTree = "<group>"; };
		6055AD372116933E005DC856 /* UIView+Extension.m */ = {isa = PBXFileReference; fileEncoding = 4; lastKnownFileType = sourcecode.c.objc; path = "UIView+Extension.m"; sourceTree = "<group>"; };
		6055AD3B2116B382005DC856 /* TabBar.json */ = {isa = PBXFileReference; fileEncoding = 4; lastKnownFileType = text.json; path = TabBar.json; sourceTree = "<group>"; };
		6055AD3D2116B929005DC856 /* NSString+EYExtension.h */ = {isa = PBXFileReference; lastKnownFileType = sourcecode.c.h; path = "NSString+EYExtension.h"; sourceTree = "<group>"; };
		6055AD3E2116B929005DC856 /* NSString+EYExtension.m */ = {isa = PBXFileReference; lastKnownFileType = sourcecode.c.objc; path = "NSString+EYExtension.m"; sourceTree = "<group>"; };
		6055AD402116CD21005DC856 /* EYTabBarView.h */ = {isa = PBXFileReference; lastKnownFileType = sourcecode.c.h; path = EYTabBarView.h; sourceTree = "<group>"; };
		6055AD412116CD21005DC856 /* EYTabBarView.m */ = {isa = PBXFileReference; lastKnownFileType = sourcecode.c.objc; path = EYTabBarView.m; sourceTree = "<group>"; };
		6055AD432116D18A005DC856 /* EYTabBarView.xib */ = {isa = PBXFileReference; lastKnownFileType = file.xib; path = EYTabBarView.xib; sourceTree = "<group>"; };
		606E6FA0212813CA00ABEB83 /* EYLikeCell.h */ = {isa = PBXFileReference; lastKnownFileType = sourcecode.c.h; path = EYLikeCell.h; sourceTree = "<group>"; };
		606E6FA1212813CA00ABEB83 /* EYLikeCell.m */ = {isa = PBXFileReference; lastKnownFileType = sourcecode.c.objc; path = EYLikeCell.m; sourceTree = "<group>"; };
		606E6FA2212813CA00ABEB83 /* EYLikeCell.xib */ = {isa = PBXFileReference; lastKnownFileType = file.xib; path = EYLikeCell.xib; sourceTree = "<group>"; };
		606E6FA521284FD900ABEB83 /* EYBaseTableViewController.h */ = {isa = PBXFileReference; lastKnownFileType = sourcecode.c.h; path = EYBaseTableViewController.h; sourceTree = "<group>"; };
		606E6FA621284FD900ABEB83 /* EYBaseTableViewController.m */ = {isa = PBXFileReference; lastKnownFileType = sourcecode.c.objc; path = EYBaseTableViewController.m; sourceTree = "<group>"; };
		606E6FA821284FF400ABEB83 /* EYBaseCollectionViewController.h */ = {isa = PBXFileReference; lastKnownFileType = sourcecode.c.h; path = EYBaseCollectionViewController.h; sourceTree = "<group>"; };
		606E6FA921284FF400ABEB83 /* EYBaseCollectionViewController.m */ = {isa = PBXFileReference; lastKnownFileType = sourcecode.c.objc; path = EYBaseCollectionViewController.m; sourceTree = "<group>"; };
		606E70BE212C21C500ABEB83 /* EYDouYin-Bridging-Header.h */ = {isa = PBXFileReference; lastKnownFileType = sourcecode.c.h; path = "EYDouYin-Bridging-Header.h"; sourceTree = "<group>"; };
		607541272104CC4B00EB258D /* EYDouYin.app */ = {isa = PBXFileReference; explicitFileType = wrapper.application; includeInIndex = 0; path = EYDouYin.app; sourceTree = BUILT_PRODUCTS_DIR; };
		6075412A2104CC4B00EB258D /* AppDelegate.h */ = {isa = PBXFileReference; lastKnownFileType = sourcecode.c.h; path = AppDelegate.h; sourceTree = "<group>"; };
		6075412B2104CC4B00EB258D /* AppDelegate.m */ = {isa = PBXFileReference; lastKnownFileType = sourcecode.c.objc; path = AppDelegate.m; sourceTree = "<group>"; };
		607541332104CC4C00EB258D /* Assets.xcassets */ = {isa = PBXFileReference; lastKnownFileType = folder.assetcatalog; path = Assets.xcassets; sourceTree = "<group>"; };
		607541362104CC4C00EB258D /* Base */ = {isa = PBXFileReference; lastKnownFileType = file.storyboard; name = Base; path = Base.lproj/LaunchScreen.storyboard; sourceTree = "<group>"; };
		607541382104CC4C00EB258D /* Info.plist */ = {isa = PBXFileReference; lastKnownFileType = text.plist.xml; path = Info.plist; sourceTree = "<group>"; };
		607541392104CC4C00EB258D /* main.m */ = {isa = PBXFileReference; lastKnownFileType = sourcecode.c.objc; path = main.m; sourceTree = "<group>"; };
		6075413F2104CC4C00EB258D /* EYDouYinTests.xctest */ = {isa = PBXFileReference; explicitFileType = wrapper.cfbundle; includeInIndex = 0; path = EYDouYinTests.xctest; sourceTree = BUILT_PRODUCTS_DIR; };
		607541432104CC4C00EB258D /* EYDouYinTests.m */ = {isa = PBXFileReference; lastKnownFileType = sourcecode.c.objc; path = EYDouYinTests.m; sourceTree = "<group>"; };
		607541452104CC4C00EB258D /* Info.plist */ = {isa = PBXFileReference; lastKnownFileType = text.plist.xml; path = Info.plist; sourceTree = "<group>"; };
		6075414A2104CC4C00EB258D /* EYDouYinUITests.xctest */ = {isa = PBXFileReference; explicitFileType = wrapper.cfbundle; includeInIndex = 0; path = EYDouYinUITests.xctest; sourceTree = BUILT_PRODUCTS_DIR; };
		6075414E2104CC4C00EB258D /* EYDouYinUITests.m */ = {isa = PBXFileReference; lastKnownFileType = sourcecode.c.objc; path = EYDouYinUITests.m; sourceTree = "<group>"; };
		607541502104CC4C00EB258D /* Info.plist */ = {isa = PBXFileReference; lastKnownFileType = text.plist.xml; path = Info.plist; sourceTree = "<group>"; };
		6075416B2104CFE000EB258D /* EYHttpManager.h */ = {isa = PBXFileReference; lastKnownFileType = sourcecode.c.h; path = EYHttpManager.h; sourceTree = "<group>"; };
		6075416C2104CFE000EB258D /* EYHttpManager.m */ = {isa = PBXFileReference; lastKnownFileType = sourcecode.c.objc; path = EYHttpManager.m; sourceTree = "<group>"; };
		6075416E2104D15F00EB258D /* Foundation+Log.m */ = {isa = PBXFileReference; fileEncoding = 4; lastKnownFileType = sourcecode.c.objc; path = "Foundation+Log.m"; sourceTree = "<group>"; };
		607541712104D33F00EB258D /* PrefixHeader.pch */ = {isa = PBXFileReference; lastKnownFileType = sourcecode.c.h; path = PrefixHeader.pch; sourceTree = "<group>"; };
		607541722104D36800EB258D /* Singleton.h */ = {isa = PBXFileReference; fileEncoding = 4; lastKnownFileType = sourcecode.c.h; path = Singleton.h; sourceTree = "<group>"; };
		6076A15C2148E096002ED551 /* ChinLab_en.json */ = {isa = PBXFileReference; fileEncoding = 4; lastKnownFileType = text.json; path = ChinLab_en.json; sourceTree = "<group>"; };
		6076A15E2148EC31002ED551 /* Items.json */ = {isa = PBXFileReference; fileEncoding = 4; lastKnownFileType = text.json; path = Items.json; sourceTree = "<group>"; };
		6076A1602148F696002ED551 /* EYHomeItemModel.h */ = {isa = PBXFileReference; lastKnownFileType = sourcecode.c.h; path = EYHomeItemModel.h; sourceTree = "<group>"; };
		6076A1612148F696002ED551 /* EYHomeItemModel.m */ = {isa = PBXFileReference; lastKnownFileType = sourcecode.c.objc; path = EYHomeItemModel.m; sourceTree = "<group>"; };
		6076A1642148FA4D002ED551 /* EYHomeItemLikeModel.h */ = {isa = PBXFileReference; lastKnownFileType = sourcecode.c.h; path = EYHomeItemLikeModel.h; sourceTree = "<group>"; };
		6076A1652148FA4D002ED551 /* EYHomeItemLikeModel.m */ = {isa = PBXFileReference; lastKnownFileType = sourcecode.c.objc; path = EYHomeItemLikeModel.m; sourceTree = "<group>"; };
		6076A1672148FB7D002ED551 /* EYHomeItemCommentModel.h */ = {isa = PBXFileReference; lastKnownFileType = sourcecode.c.h; path = EYHomeItemCommentModel.h; sourceTree = "<group>"; };
		6076A1682148FB7D002ED551 /* EYHomeItemCommentModel.m */ = {isa = PBXFileReference; lastKnownFileType = sourcecode.c.objc; path = EYHomeItemCommentModel.m; sourceTree = "<group>"; };
		6076A16A214A05BF002ED551 /* MediaPlayer.framework */ = {isa = PBXFileReference; lastKnownFileType = wrapper.framework; name = MediaPlayer.framework; path = System/Library/Frameworks/MediaPlayer.framework; sourceTree = SDKROOT; };
		6076A16F214A4D26002ED551 /* EYHomeCityViewController.h */ = {isa = PBXFileReference; lastKnownFileType = sourcecode.c.h; path = EYHomeCityViewController.h; sourceTree = "<group>"; };
		6076A170214A4D26002ED551 /* EYHomeCityViewController.m */ = {isa = PBXFileReference; lastKnownFileType = sourcecode.c.objc; path = EYHomeCityViewController.m; sourceTree = "<group>"; };
		6076A173214C8790002ED551 /* zh-Hans-CN */ = {isa = PBXFileReference; lastKnownFileType = text.plist.strings; name = "zh-Hans-CN"; path = "zh-Hans-CN.lproj/Localizable.strings"; sourceTree = "<group>"; };
		6076A1772150CFD8002ED551 /* DispatchTimer.h */ = {isa = PBXFileReference; fileEncoding = 4; lastKnownFileType = sourcecode.c.h; path = DispatchTimer.h; sourceTree = "<group>"; };
		6076A1782150CFD8002ED551 /* DispatchTimer.m */ = {isa = PBXFileReference; fileEncoding = 4; lastKnownFileType = sourcecode.c.objc; path = DispatchTimer.m; sourceTree = "<group>"; };
		6076A17E2150FE71002ED551 /* EYHomeWorksViewController.h */ = {isa = PBXFileReference; lastKnownFileType = sourcecode.c.h; path = EYHomeWorksViewController.h; sourceTree = "<group>"; };
		6076A17F2150FE71002ED551 /* EYHomeWorksViewController.m */ = {isa = PBXFileReference; lastKnownFileType = sourcecode.c.objc; path = EYHomeWorksViewController.m; sourceTree = "<group>"; };
		60B2FAC32137D5B40046D13D /* EYPerson.h */ = {isa = PBXFileReference; lastKnownFileType = sourcecode.c.h; path = EYPerson.h; sourceTree = "<group>"; };
		60B2FAC42137D5B40046D13D /* EYPerson.m */ = {isa = PBXFileReference; lastKnownFileType = sourcecode.c.objc; path = EYPerson.m; sourceTree = "<group>"; };
		60B2FAE2213916270046D13D /* EYHomeInfoView.h */ = {isa = PBXFileReference; lastKnownFileType = sourcecode.c.h; path = EYHomeInfoView.h; sourceTree = "<group>"; };
		60B2FAE3213916270046D13D /* EYHomeInfoView.m */ = {isa = PBXFileReference; lastKnownFileType = sourcecode.c.objc; path = EYHomeInfoView.m; sourceTree = "<group>"; };
		60B2FAE5213916330046D13D /* EYHomeInfoView.xib */ = {isa = PBXFileReference; lastKnownFileType = file.xib; path = EYHomeInfoView.xib; sourceTree = "<group>"; };
		60B2FAE72139167C0046D13D /* EYHomeSharedView.h */ = {isa = PBXFileReference; lastKnownFileType = sourcecode.c.h; path = EYHomeSharedView.h; sourceTree = "<group>"; };
		60B2FAE82139167C0046D13D /* EYHomeSharedView.m */ = {isa = PBXFileReference; lastKnownFileType = sourcecode.c.objc; path = EYHomeSharedView.m; sourceTree = "<group>"; };
		60B2FAEA213916870046D13D /* EYHomeSharedView.xib */ = {isa = PBXFileReference; lastKnownFileType = file.xib; path = EYHomeSharedView.xib; sourceTree = "<group>"; };
		60BBC6832104D83400DEEA34 /* EYBaseViewController.h */ = {isa = PBXFileReference; fileEncoding = 4; lastKnownFileType = sourcecode.c.h; path = EYBaseViewController.h; sourceTree = "<group>"; };
		60BBC6842104D83400DEEA34 /* EYNavigationController.m */ = {isa = PBXFileReference; fileEncoding = 4; lastKnownFileType = sourcecode.c.objc; path = EYNavigationController.m; sourceTree = "<group>"; };
		60BBC6862104D83400DEEA34 /* EYBaseViewController.m */ = {isa = PBXFileReference; fileEncoding = 4; lastKnownFileType = sourcecode.c.objc; path = EYBaseViewController.m; sourceTree = "<group>"; };
		60BBC6872104D83400DEEA34 /* EYNavigationController.h */ = {isa = PBXFileReference; fileEncoding = 4; lastKnownFileType = sourcecode.c.h; path = EYNavigationController.h; sourceTree = "<group>"; };
		60BBC68C2104D8D200DEEA34 /* EYRootViewController.h */ = {isa = PBXFileReference; lastKnownFileType = sourcecode.c.h; path = EYRootViewController.h; sourceTree = "<group>"; };
		60BBC68D2104D8D200DEEA34 /* EYRootViewController.m */ = {isa = PBXFileReference; lastKnownFileType = sourcecode.c.objc; path = EYRootViewController.m; sourceTree = "<group>"; };
		60BBC68F2104D9D900DEEA34 /* EYConstant.h */ = {isa = PBXFileReference; fileEncoding = 4; lastKnownFileType = sourcecode.c.h; path = EYConstant.h; sourceTree = "<group>"; };
		60BBC6902104D9D900DEEA34 /* EYConstant.m */ = {isa = PBXFileReference; fileEncoding = 4; lastKnownFileType = sourcecode.c.objc; path = EYConstant.m; sourceTree = "<group>"; };
		60D81BB72132710600456939 /* EYHomeItemView.h */ = {isa = PBXFileReference; lastKnownFileType = sourcecode.c.h; path = EYHomeItemView.h; sourceTree = "<group>"; };
		60D81BB82132710600456939 /* EYHomeItemView.m */ = {isa = PBXFileReference; lastKnownFileType = sourcecode.c.objc; path = EYHomeItemView.m; sourceTree = "<group>"; };
		60D81BBA2132711100456939 /* EYHomeItemView.xib */ = {isa = PBXFileReference; lastKnownFileType = file.xib; path = EYHomeItemView.xib; sourceTree = "<group>"; };
		60ED6DF9215F6DD600381DBD /* openAnimation.gif */ = {isa = PBXFileReference; lastKnownFileType = image.gif; path = openAnimation.gif; sourceTree = "<group>"; };
		60ED6DFB215F6EBB00381DBD /* lastFrame.png */ = {isa = PBXFileReference; lastKnownFileType = image.png; path = lastFrame.png; sourceTree = "<group>"; };
		60ED70C02160987E00381DBD /* EYScrollView.h */ = {isa = PBXFileReference; lastKnownFileType = sourcecode.c.h; path = EYScrollView.h; sourceTree = "<group>"; };
		60ED70C12160987E00381DBD /* EYScrollView.m */ = {isa = PBXFileReference; lastKnownFileType = sourcecode.c.objc; path = EYScrollView.m; sourceTree = "<group>"; };
		60ED70C32160B0EF00381DBD /* EYHomeBackItemView.h */ = {isa = PBXFileReference; lastKnownFileType = sourcecode.c.h; path = EYHomeBackItemView.h; sourceTree = "<group>"; };
		60ED70C42160B0EF00381DBD /* EYHomeBackItemView.m */ = {isa = PBXFileReference; lastKnownFileType = sourcecode.c.objc; path = EYHomeBackItemView.m; sourceTree = "<group>"; };
		60ED70C62160B0FC00381DBD /* EYHomeBackItemView.xib */ = {isa = PBXFileReference; lastKnownFileType = file.xib; path = EYHomeBackItemView.xib; sourceTree = "<group>"; };
		60ED70C82160BD8500381DBD /* EYHomeBackItemModel.h */ = {isa = PBXFileReference; lastKnownFileType = sourcecode.c.h; path = EYHomeBackItemModel.h; sourceTree = "<group>"; };
		60ED70C92160BD8500381DBD /* EYHomeBackItemModel.m */ = {isa = PBXFileReference; lastKnownFileType = sourcecode.c.objc; path = EYHomeBackItemModel.m; sourceTree = "<group>"; };
		60EE77AA211F5239004133A6 /* EYFindTopView.h */ = {isa = PBXFileReference; lastKnownFileType = sourcecode.c.h; path = EYFindTopView.h; sourceTree = "<group>"; };
		60EE77AB211F5239004133A6 /* EYFindTopView.m */ = {isa = PBXFileReference; lastKnownFileType = sourcecode.c.objc; path = EYFindTopView.m; sourceTree = "<group>"; };
		60EE77AE211F52A4004133A6 /* EYFindTopView.xib */ = {isa = PBXFileReference; lastKnownFileType = file.xib; path = EYFindTopView.xib; sourceTree = "<group>"; };
		60EE77B121201CE8004133A6 /* EYTestViewController.h */ = {isa = PBXFileReference; lastKnownFileType = sourcecode.c.h; path = EYTestViewController.h; sourceTree = "<group>"; };
		60EE77B221201CE8004133A6 /* EYTestViewController.m */ = {isa = PBXFileReference; lastKnownFileType = sourcecode.c.objc; path = EYTestViewController.m; sourceTree = "<group>"; };
		60EE77B42120217D004133A6 /* UIBarButtonItem+EYExtension.h */ = {isa = PBXFileReference; lastKnownFileType = sourcecode.c.h; path = "UIBarButtonItem+EYExtension.h"; sourceTree = "<group>"; };
		60EE77B52120217D004133A6 /* UIBarButtonItem+EYExtension.m */ = {isa = PBXFileReference; lastKnownFileType = sourcecode.c.objc; path = "UIBarButtonItem+EYExtension.m"; sourceTree = "<group>"; };
		60EE77B72120282C004133A6 /* EYTestViewView.xib */ = {isa = PBXFileReference; lastKnownFileType = file.xib; path = EYTestViewView.xib; sourceTree = "<group>"; };
		60EE77BD21204188004133A6 /* NSObject+EYRuntime.h */ = {isa = PBXFileReference; fileEncoding = 4; lastKnownFileType = sourcecode.c.h; path = "NSObject+EYRuntime.h"; sourceTree = "<group>"; };
		60EE77BE21204188004133A6 /* NSObject+EYRuntime.m */ = {isa = PBXFileReference; fileEncoding = 4; lastKnownFileType = sourcecode.c.objc; path = "NSObject+EYRuntime.m"; sourceTree = "<group>"; };
		8108F30C51AA75E71455FEBD /* libPods-EYDouYin.a */ = {isa = PBXFileReference; explicitFileType = archive.ar; includeInIndex = 0; path = "libPods-EYDouYin.a"; sourceTree = BUILT_PRODUCTS_DIR; };
		97A2A75C3787089F0E951A39 /* libPods-EYDouYinTests.a */ = {isa = PBXFileReference; explicitFileType = archive.ar; includeInIndex = 0; path = "libPods-EYDouYinTests.a"; sourceTree = BUILT_PRODUCTS_DIR; };
/* End PBXFileReference section */

/* Begin PBXFrameworksBuildPhase section */
		607541242104CC4B00EB258D /* Frameworks */ = {
			isa = PBXFrameworksBuildPhase;
			buildActionMask = 2147483647;
			files = (
				6076A16B214A05BF002ED551 /* MediaPlayer.framework in Frameworks */,
				12456AD2F580F71E29D93144 /* libPods-EYDouYin.a in Frameworks */,
			);
			runOnlyForDeploymentPostprocessing = 0;
		};
		6075413C2104CC4C00EB258D /* Frameworks */ = {
			isa = PBXFrameworksBuildPhase;
			buildActionMask = 2147483647;
			files = (
			);
			runOnlyForDeploymentPostprocessing = 0;
		};
		607541472104CC4C00EB258D /* Frameworks */ = {
			isa = PBXFrameworksBuildPhase;
			buildActionMask = 2147483647;
			files = (
			);
			runOnlyForDeploymentPostprocessing = 0;
		};
/* End PBXFrameworksBuildPhase section */

/* Begin PBXGroup section */
		601B03162104DDC900489E96 /* Find */ = {
			isa = PBXGroup;
			children = (
				60EE77A9211F51D1004133A6 /* Controller */,
				60EE77AD211F5241004133A6 /* View */,
			);
			path = Find;
			sourceTree = "<group>";
		};
		601B031B21056DE400489E96 /* Like */ = {
			isa = PBXGroup;
			children = (
				601B032621056E6900489E96 /* EYLikeViewController.h */,
				601B032721056E6900489E96 /* EYLikeViewController.m */,
				606E6FA0212813CA00ABEB83 /* EYLikeCell.h */,
				606E6FA1212813CA00ABEB83 /* EYLikeCell.m */,
				606E6FA2212813CA00ABEB83 /* EYLikeCell.xib */,
			);
			path = Like;
			sourceTree = "<group>";
		};
		601B031C21056DE400489E96 /* Home */ = {
			isa = PBXGroup;
			children = (
				6076A15E2148EC31002ED551 /* Items.json */,
				601B032321056E5F00489E96 /* EYHomeViewController.h */,
				601B032421056E5F00489E96 /* EYHomeViewController.m */,
				6076A16F214A4D26002ED551 /* EYHomeCityViewController.h */,
				6076A170214A4D26002ED551 /* EYHomeCityViewController.m */,
				6076A17E2150FE71002ED551 /* EYHomeWorksViewController.h */,
				6076A17F2150FE71002ED551 /* EYHomeWorksViewController.m */,
				6076A1632148FA27002ED551 /* Model */,
				60B2FAE1213915A00046D13D /* View */,
			);
			path = Home;
			sourceTree = "<group>";
		};
		601B031D21056DE400489E96 /* Me */ = {
			isa = PBXGroup;
			children = (
				601B032921056E7700489E96 /* EYMeViewController.h */,
				601B032A21056E7700489E96 /* EYMeViewController.m */,
			);
			path = Me;
			sourceTree = "<group>";
		};
		601B031E21056DE400489E96 /* Message */ = {
			isa = PBXGroup;
			children = (
				601B032C21056E8600489E96 /* EYMessageViewController.h */,
				601B032D21056E8600489E96 /* EYMessageViewController.m */,
			);
			path = Message;
			sourceTree = "<group>";
		};
		601B031F21056E2C00489E96 /* Send */ = {
			isa = PBXGroup;
			children = (
				601B032021056E4E00489E96 /* EYSendViewController.h */,
				601B032121056E4E00489E96 /* EYSendViewController.m */,
			);
			path = Send;
			sourceTree = "<group>";
		};
		6055AD392116AD7C005DC856 /* View */ = {
			isa = PBXGroup;
			children = (
				6055AD402116CD21005DC856 /* EYTabBarView.h */,
				6055AD412116CD21005DC856 /* EYTabBarView.m */,
				6055AD432116D18A005DC856 /* EYTabBarView.xib */,
				60ED70C02160987E00381DBD /* EYScrollView.h */,
				60ED70C12160987E00381DBD /* EYScrollView.m */,
			);
			path = View;
			sourceTree = "<group>";
		};
		6055AD3A2116B03E005DC856 /* Resource */ = {
			isa = PBXGroup;
			children = (
				60ED6DF9215F6DD600381DBD /* openAnimation.gif */,
				60ED6DFB215F6EBB00381DBD /* lastFrame.png */,
				6000D871213D1CFB00491BB7 /* Localizable.strings */,
				6055AD3B2116B382005DC856 /* TabBar.json */,
			);
			path = Resource;
			sourceTree = "<group>";
		};
		6075411E2104CC4B00EB258D = {
			isa = PBXGroup;
			children = (
				607541292104CC4B00EB258D /* EYDouYin */,
				607541422104CC4C00EB258D /* EYDouYinTests */,
				6075414D2104CC4C00EB258D /* EYDouYinUITests */,
				607541282104CC4B00EB258D /* Products */,
				8AA5630C2E36A8762E5FBFA9 /* Pods */,
				6C135B6B8657BEA513DBC0C9 /* Frameworks */,
			);
			sourceTree = "<group>";
		};
		607541282104CC4B00EB258D /* Products */ = {
			isa = PBXGroup;
			children = (
				607541272104CC4B00EB258D /* EYDouYin.app */,
				6075413F2104CC4C00EB258D /* EYDouYinTests.xctest */,
				6075414A2104CC4C00EB258D /* EYDouYinUITests.xctest */,
			);
			name = Products;
			sourceTree = "<group>";
		};
		607541292104CC4B00EB258D /* EYDouYin */ = {
			isa = PBXGroup;
			children = (
				6075415C2104CC8C00EB258D /* Class */,
				607541382104CC4C00EB258D /* Info.plist */,
			);
			path = EYDouYin;
			sourceTree = "<group>";
		};
		607541422104CC4C00EB258D /* EYDouYinTests */ = {
			isa = PBXGroup;
			children = (
				607541432104CC4C00EB258D /* EYDouYinTests.m */,
				607541452104CC4C00EB258D /* Info.plist */,
			);
			path = EYDouYinTests;
			sourceTree = "<group>";
		};
		6075414D2104CC4C00EB258D /* EYDouYinUITests */ = {
			isa = PBXGroup;
			children = (
				6075414E2104CC4C00EB258D /* EYDouYinUITests.m */,
				607541502104CC4C00EB258D /* Info.plist */,
			);
			path = EYDouYinUITests;
			sourceTree = "<group>";
		};
		6075415C2104CC8C00EB258D /* Class */ = {
			isa = PBXGroup;
			children = (
				6075412A2104CC4B00EB258D /* AppDelegate.h */,
				6075412B2104CC4B00EB258D /* AppDelegate.m */,
				60BBC68C2104D8D200DEEA34 /* EYRootViewController.h */,
				60BBC68D2104D8D200DEEA34 /* EYRootViewController.m */,
				6075415E2104CCFF00EB258D /* Module */,
				6075415D2104CCD200EB258D /* Main */,
				6055AD3A2116B03E005DC856 /* Resource */,
				606E70BE212C21C500ABEB83 /* EYDouYin-Bridging-Header.h */,
			);
			path = Class;
			sourceTree = "<group>";
		};
		6075415D2104CCD200EB258D /* Main */ = {
			isa = PBXGroup;
			children = (
				6076A1752150CF5E002ED551 /* ThirdLib */,
				60BBC6822104D83400DEEA34 /* ViewController */,
				6055AD392116AD7C005DC856 /* View */,
				607541602104CD6600EB258D /* Tool */,
				6075415F2104CD2900EB258D /* Category */,
				607541702104D1EB00EB258D /* Other */,
			);
			path = Main;
			sourceTree = "<group>";
		};
		6075415E2104CCFF00EB258D /* Module */ = {
			isa = PBXGroup;
			children = (
				601B03162104DDC900489E96 /* Find */,
				601B031C21056DE400489E96 /* Home */,
				601B031B21056DE400489E96 /* Like */,
				601B031F21056E2C00489E96 /* Send */,
				601B031E21056DE400489E96 /* Message */,
				601B031D21056DE400489E96 /* Me */,
				60EE77B021201CCD004133A6 /* Test */,
			);
			path = Module;
			sourceTree = "<group>";
		};
		6075415F2104CD2900EB258D /* Category */ = {
			isa = PBXGroup;
			children = (
				6075416E2104D15F00EB258D /* Foundation+Log.m */,
				6055AD362116933E005DC856 /* UIView+Extension.h */,
				6055AD372116933E005DC856 /* UIView+Extension.m */,
				6055AD3D2116B929005DC856 /* NSString+EYExtension.h */,
				6055AD3E2116B929005DC856 /* NSString+EYExtension.m */,
				60EE77B42120217D004133A6 /* UIBarButtonItem+EYExtension.h */,
				60EE77B52120217D004133A6 /* UIBarButtonItem+EYExtension.m */,
				60EE77BD21204188004133A6 /* NSObject+EYRuntime.h */,
				60EE77BE21204188004133A6 /* NSObject+EYRuntime.m */,
				6012FD6E215A36BF004A3083 /* UIView+EYCornerRadius.h */,
				6012FD6F215A36BF004A3083 /* UIView+EYCornerRadius.m */,
			);
			path = Category;
			sourceTree = "<group>";
		};
		607541602104CD6600EB258D /* Tool */ = {
			isa = PBXGroup;
			children = (
				607541722104D36800EB258D /* Singleton.h */,
				6075416B2104CFE000EB258D /* EYHttpManager.h */,
				6075416C2104CFE000EB258D /* EYHttpManager.m */,
			);
			path = Tool;
			sourceTree = "<group>";
		};
		607541702104D1EB00EB258D /* Other */ = {
			isa = PBXGroup;
			children = (
				607541352104CC4C00EB258D /* LaunchScreen.storyboard */,
				607541332104CC4C00EB258D /* Assets.xcassets */,
				607541392104CC4C00EB258D /* main.m */,
				607541712104D33F00EB258D /* PrefixHeader.pch */,
				60BBC68F2104D9D900DEEA34 /* EYConstant.h */,
				60BBC6902104D9D900DEEA34 /* EYConstant.m */,
				6076A15C2148E096002ED551 /* ChinLab_en.json */,
			);
			path = Other;
			sourceTree = "<group>";
		};
		6076A1632148FA27002ED551 /* Model */ = {
			isa = PBXGroup;
			children = (
				6076A1602148F696002ED551 /* EYHomeItemModel.h */,
				6076A1612148F696002ED551 /* EYHomeItemModel.m */,
				6076A1642148FA4D002ED551 /* EYHomeItemLikeModel.h */,
				6076A1652148FA4D002ED551 /* EYHomeItemLikeModel.m */,
				6076A1672148FB7D002ED551 /* EYHomeItemCommentModel.h */,
				6076A1682148FB7D002ED551 /* EYHomeItemCommentModel.m */,
				60ED70C82160BD8500381DBD /* EYHomeBackItemModel.h */,
				60ED70C92160BD8500381DBD /* EYHomeBackItemModel.m */,
			);
			path = Model;
			sourceTree = "<group>";
		};
		6076A1752150CF5E002ED551 /* ThirdLib */ = {
			isa = PBXGroup;
			children = (
				6076A1762150CFD8002ED551 /* DispatchTimer */,
			);
			path = ThirdLib;
			sourceTree = "<group>";
		};
		6076A1762150CFD8002ED551 /* DispatchTimer */ = {
			isa = PBXGroup;
			children = (
				6076A1772150CFD8002ED551 /* DispatchTimer.h */,
				6076A1782150CFD8002ED551 /* DispatchTimer.m */,
			);
			path = DispatchTimer;
			sourceTree = "<group>";
		};
		60B2FAE1213915A00046D13D /* View */ = {
			isa = PBXGroup;
			children = (
				6012FD66215A2FA5004A3083 /* EYHomeBackView.h */,
				6012FD67215A2FA5004A3083 /* EYHomeBackView.m */,
				6012FD69215A2FB8004A3083 /* EYHomeBackView.xib */,
				60ED70C32160B0EF00381DBD /* EYHomeBackItemView.h */,
				60ED70C42160B0EF00381DBD /* EYHomeBackItemView.m */,
				60ED70C62160B0FC00381DBD /* EYHomeBackItemView.xib */,
				60D81BB72132710600456939 /* EYHomeItemView.h */,
				60D81BB82132710600456939 /* EYHomeItemView.m */,
				60D81BBA2132711100456939 /* EYHomeItemView.xib */,
				604D555F2139325900F83249 /* EYHomeTitleView.h */,
				604D55602139325900F83249 /* EYHomeTitleView.m */,
				604D55622139326300F83249 /* EYHomeTitleView.xib */,
				60B2FAE2213916270046D13D /* EYHomeInfoView.h */,
				60B2FAE3213916270046D13D /* EYHomeInfoView.m */,
				60B2FAE5213916330046D13D /* EYHomeInfoView.xib */,
				60B2FAE72139167C0046D13D /* EYHomeSharedView.h */,
				60B2FAE82139167C0046D13D /* EYHomeSharedView.m */,
				60B2FAEA213916870046D13D /* EYHomeSharedView.xib */,
			);
			path = View;
			sourceTree = "<group>";
		};
		60BBC6822104D83400DEEA34 /* ViewController */ = {
			isa = PBXGroup;
			children = (
				60BBC6832104D83400DEEA34 /* EYBaseViewController.h */,
				60BBC6862104D83400DEEA34 /* EYBaseViewController.m */,
				606E6FA521284FD900ABEB83 /* EYBaseTableViewController.h */,
				606E6FA621284FD900ABEB83 /* EYBaseTableViewController.m */,
				606E6FA821284FF400ABEB83 /* EYBaseCollectionViewController.h */,
				606E6FA921284FF400ABEB83 /* EYBaseCollectionViewController.m */,
				60BBC6872104D83400DEEA34 /* EYNavigationController.h */,
				60BBC6842104D83400DEEA34 /* EYNavigationController.m */,
				601B03132104DCBD00489E96 /* EYTabBarController.h */,
				601B03142104DCBD00489E96 /* EYTabBarController.m */,
			);
			path = ViewController;
			sourceTree = "<group>";
		};
		60EE77A9211F51D1004133A6 /* Controller */ = {
			isa = PBXGroup;
			children = (
				601B03172104DDED00489E96 /* EYFindViewController.h */,
				601B03182104DDED00489E96 /* EYFindViewController.m */,
			);
			path = Controller;
			sourceTree = "<group>";
		};
		60EE77AD211F5241004133A6 /* View */ = {
			isa = PBXGroup;
			children = (
				60EE77AA211F5239004133A6 /* EYFindTopView.h */,
				60EE77AB211F5239004133A6 /* EYFindTopView.m */,
				60EE77AE211F52A4004133A6 /* EYFindTopView.xib */,
			);
			path = View;
			sourceTree = "<group>";
		};
		60EE77B021201CCD004133A6 /* Test */ = {
			isa = PBXGroup;
			children = (
				60B2FAC32137D5B40046D13D /* EYPerson.h */,
				60B2FAC42137D5B40046D13D /* EYPerson.m */,
				60EE77B121201CE8004133A6 /* EYTestViewController.h */,
				60EE77B221201CE8004133A6 /* EYTestViewController.m */,
				60EE77B72120282C004133A6 /* EYTestViewView.xib */,
			);
			path = Test;
			sourceTree = "<group>";
		};
		6C135B6B8657BEA513DBC0C9 /* Frameworks */ = {
			isa = PBXGroup;
			children = (
				6076A16A214A05BF002ED551 /* MediaPlayer.framework */,
				8108F30C51AA75E71455FEBD /* libPods-EYDouYin.a */,
				97A2A75C3787089F0E951A39 /* libPods-EYDouYinTests.a */,
				2D2814A2580E2965D9B57163 /* libPods-EYDouYinUITests.a */,
			);
			name = Frameworks;
			sourceTree = "<group>";
		};
		8AA5630C2E36A8762E5FBFA9 /* Pods */ = {
			isa = PBXGroup;
			children = (
				2C2163A71ED181EE341E06B8 /* Pods-EYDouYin.debug.xcconfig */,
				4F8685C22B833ADCA49ADA7C /* Pods-EYDouYin.release.xcconfig */,
			);
			name = Pods;
			sourceTree = "<group>";
		};
/* End PBXGroup section */

/* Begin PBXNativeTarget section */
		607541262104CC4B00EB258D /* EYDouYin */ = {
			isa = PBXNativeTarget;
			buildConfigurationList = 607541532104CC4C00EB258D /* Build configuration list for PBXNativeTarget "EYDouYin" */;
			buildPhases = (
				34982ED06F2CA4C6D2CB7435 /* [CP] Check Pods Manifest.lock */,
				607541232104CC4B00EB258D /* Sources */,
				607541242104CC4B00EB258D /* Frameworks */,
				607541252104CC4B00EB258D /* Resources */,
				512D6D5B7433F633BD00A0D6 /* [CP] Copy Pods Resources */,
			);
			buildRules = (
			);
			dependencies = (
			);
			name = EYDouYin;
			productName = EYDouYin;
			productReference = 607541272104CC4B00EB258D /* EYDouYin.app */;
			productType = "com.apple.product-type.application";
		};
		6075413E2104CC4C00EB258D /* EYDouYinTests */ = {
			isa = PBXNativeTarget;
			buildConfigurationList = 607541562104CC4C00EB258D /* Build configuration list for PBXNativeTarget "EYDouYinTests" */;
			buildPhases = (
				6075413B2104CC4C00EB258D /* Sources */,
				6075413C2104CC4C00EB258D /* Frameworks */,
				6075413D2104CC4C00EB258D /* Resources */,
			);
			buildRules = (
			);
			dependencies = (
				607541412104CC4C00EB258D /* PBXTargetDependency */,
			);
			name = EYDouYinTests;
			productName = EYDouYinTests;
			productReference = 6075413F2104CC4C00EB258D /* EYDouYinTests.xctest */;
			productType = "com.apple.product-type.bundle.unit-test";
		};
		607541492104CC4C00EB258D /* EYDouYinUITests */ = {
			isa = PBXNativeTarget;
			buildConfigurationList = 607541592104CC4C00EB258D /* Build configuration list for PBXNativeTarget "EYDouYinUITests" */;
			buildPhases = (
				607541462104CC4C00EB258D /* Sources */,
				607541472104CC4C00EB258D /* Frameworks */,
				607541482104CC4C00EB258D /* Resources */,
			);
			buildRules = (
			);
			dependencies = (
				6075414C2104CC4C00EB258D /* PBXTargetDependency */,
			);
			name = EYDouYinUITests;
			productName = EYDouYinUITests;
			productReference = 6075414A2104CC4C00EB258D /* EYDouYinUITests.xctest */;
			productType = "com.apple.product-type.bundle.ui-testing";
		};
/* End PBXNativeTarget section */

/* Begin PBXProject section */
		6075411F2104CC4B00EB258D /* Project object */ = {
			isa = PBXProject;
			attributes = {
				CLASSPREFIX = EY;
				LastUpgradeCheck = 0940;
				ORGANIZATIONNAME = "李二洋";
				TargetAttributes = {
					607541262104CC4B00EB258D = {
						CreatedOnToolsVersion = 9.4.1;
						LastSwiftMigration = 0940;
					};
					6075413E2104CC4C00EB258D = {
						CreatedOnToolsVersion = 9.4.1;
						TestTargetID = 607541262104CC4B00EB258D;
					};
					607541492104CC4C00EB258D = {
						CreatedOnToolsVersion = 9.4.1;
						TestTargetID = 607541262104CC4B00EB258D;
					};
				};
			};
			buildConfigurationList = 607541222104CC4B00EB258D /* Build configuration list for PBXProject "EYDouYin" */;
			compatibilityVersion = "Xcode 9.3";
			developmentRegion = en;
			hasScannedForEncodings = 0;
			knownRegions = (
				en,
				Base,
				"zh-Hans",
				"zh-Hans-CN",
			);
			mainGroup = 6075411E2104CC4B00EB258D;
			productRefGroup = 607541282104CC4B00EB258D /* Products */;
			projectDirPath = "";
			projectRoot = "";
			targets = (
				607541262104CC4B00EB258D /* EYDouYin */,
				6075413E2104CC4C00EB258D /* EYDouYinTests */,
				607541492104CC4C00EB258D /* EYDouYinUITests */,
			);
		};
/* End PBXProject section */

/* Begin PBXResourcesBuildPhase section */
		607541252104CC4B00EB258D /* Resources */ = {
			isa = PBXResourcesBuildPhase;
			buildActionMask = 2147483647;
			files = (
				60EE77AF211F52A4004133A6 /* EYFindTopView.xib in Resources */,
				6000D86F213D1CFB00491BB7 /* Localizable.strings in Resources */,
				60B2FAE6213916330046D13D /* EYHomeInfoView.xib in Resources */,
				607541372104CC4C00EB258D /* LaunchScreen.storyboard in Resources */,
				6076A15F2148EC31002ED551 /* Items.json in Resources */,
				60ED70C72160B0FC00381DBD /* EYHomeBackItemView.xib in Resources */,
				6012FD6A215A2FB8004A3083 /* EYHomeBackView.xib in Resources */,
				60EE77B82120282C004133A6 /* EYTestViewView.xib in Resources */,
				60ED6DFA215F6DD600381DBD /* openAnimation.gif in Resources */,
				60B2FAEB213916870046D13D /* EYHomeSharedView.xib in Resources */,
				6055AD442116D18A005DC856 /* EYTabBarView.xib in Resources */,
				6076A15D2148E097002ED551 /* ChinLab_en.json in Resources */,
				60ED6DFC215F6EBB00381DBD /* lastFrame.png in Resources */,
				60D81BBB2132711100456939 /* EYHomeItemView.xib in Resources */,
				607541342104CC4C00EB258D /* Assets.xcassets in Resources */,
				604D55632139326300F83249 /* EYHomeTitleView.xib in Resources */,
				6055AD3C2116B382005DC856 /* TabBar.json in Resources */,
				606E6FA4212813CA00ABEB83 /* EYLikeCell.xib in Resources */,
			);
			runOnlyForDeploymentPostprocessing = 0;
		};
		6075413D2104CC4C00EB258D /* Resources */ = {
			isa = PBXResourcesBuildPhase;
			buildActionMask = 2147483647;
			files = (
			);
			runOnlyForDeploymentPostprocessing = 0;
		};
		607541482104CC4C00EB258D /* Resources */ = {
			isa = PBXResourcesBuildPhase;
			buildActionMask = 2147483647;
			files = (
			);
			runOnlyForDeploymentPostprocessing = 0;
		};
/* End PBXResourcesBuildPhase section */

/* Begin PBXShellScriptBuildPhase section */
		34982ED06F2CA4C6D2CB7435 /* [CP] Check Pods Manifest.lock */ = {
			isa = PBXShellScriptBuildPhase;
			buildActionMask = 2147483647;
			files = (
			);
			inputPaths = (
				"${PODS_PODFILE_DIR_PATH}/Podfile.lock",
				"${PODS_ROOT}/Manifest.lock",
			);
			name = "[CP] Check Pods Manifest.lock";
			outputPaths = (
				"$(DERIVED_FILE_DIR)/Pods-EYDouYin-checkManifestLockResult.txt",
			);
			runOnlyForDeploymentPostprocessing = 0;
			shellPath = /bin/sh;
			shellScript = "diff \"${PODS_PODFILE_DIR_PATH}/Podfile.lock\" \"${PODS_ROOT}/Manifest.lock\" > /dev/null\nif [ $? != 0 ] ; then\n    # print error to STDERR\n    echo \"error: The sandbox is not in sync with the Podfile.lock. Run 'pod install' or update your CocoaPods installation.\" >&2\n    exit 1\nfi\n# This output is used by Xcode 'outputs' to avoid re-running this script phase.\necho \"SUCCESS\" > \"${SCRIPT_OUTPUT_FILE_0}\"\n";
			showEnvVarsInLog = 0;
		};
		512D6D5B7433F633BD00A0D6 /* [CP] Copy Pods Resources */ = {
			isa = PBXShellScriptBuildPhase;
			buildActionMask = 2147483647;
			files = (
			);
			inputPaths = (
				"${PODS_ROOT}/Target Support Files/Pods-EYDouYin/Pods-EYDouYin-resources.sh",
				"${PODS_ROOT}/GKNavigationBarViewController/GKNavigationBarViewController/GKNavigationBarViewController.bundle",
				"${PODS_ROOT}/MJRefresh/MJRefresh/MJRefresh.bundle",
			);
			name = "[CP] Copy Pods Resources";
			outputPaths = (
				"${TARGET_BUILD_DIR}/${UNLOCALIZED_RESOURCES_FOLDER_PATH}/GKNavigationBarViewController.bundle",
				"${TARGET_BUILD_DIR}/${UNLOCALIZED_RESOURCES_FOLDER_PATH}/MJRefresh.bundle",
			);
			runOnlyForDeploymentPostprocessing = 0;
			shellPath = /bin/sh;
			shellScript = "\"${PODS_ROOT}/Target Support Files/Pods-EYDouYin/Pods-EYDouYin-resources.sh\"\n";
			showEnvVarsInLog = 0;
		};
/* End PBXShellScriptBuildPhase section */

/* Begin PBXSourcesBuildPhase section */
		607541232104CC4B00EB258D /* Sources */ = {
			isa = PBXSourcesBuildPhase;
			buildActionMask = 2147483647;
			files = (
				60ED70C52160B0EF00381DBD /* EYHomeBackItemView.m in Sources */,
				6055AD382116933E005DC856 /* UIView+Extension.m in Sources */,
				6076A1622148F696002ED551 /* EYHomeItemModel.m in Sources */,
				601B032B21056E7700489E96 /* EYMeViewController.m in Sources */,
				60EE77BF21204188004133A6 /* NSObject+EYRuntime.m in Sources */,
				60EE77B62120217D004133A6 /* UIBarButtonItem+EYExtension.m in Sources */,
				6075416D2104CFE000EB258D /* EYHttpManager.m in Sources */,
				60EE77AC211F5239004133A6 /* EYFindTopView.m in Sources */,
				6055AD3F2116B929005DC856 /* NSString+EYExtension.m in Sources */,
				6075413A2104CC4C00EB258D /* main.m in Sources */,
				601B032221056E4E00489E96 /* EYSendViewController.m in Sources */,
				601B032521056E5F00489E96 /* EYHomeViewController.m in Sources */,
				606E6FA3212813CA00ABEB83 /* EYLikeCell.m in Sources */,
				60BBC6912104D9D900DEEA34 /* EYConstant.m in Sources */,
				6012FD70215A36BF004A3083 /* UIView+EYCornerRadius.m in Sources */,
				604D55612139325900F83249 /* EYHomeTitleView.m in Sources */,
				60D81BB92132710600456939 /* EYHomeItemView.m in Sources */,
				601B032E21056E8600489E96 /* EYMessageViewController.m in Sources */,
				6055AD422116CD21005DC856 /* EYTabBarView.m in Sources */,
				606E6FAA21284FF400ABEB83 /* EYBaseCollectionViewController.m in Sources */,
				60B2FAE92139167C0046D13D /* EYHomeSharedView.m in Sources */,
				601B03192104DDED00489E96 /* EYFindViewController.m in Sources */,
				60B2FAE4213916270046D13D /* EYHomeInfoView.m in Sources */,
				6075412C2104CC4B00EB258D /* AppDelegate.m in Sources */,
				601B03152104DCBD00489E96 /* EYTabBarController.m in Sources */,
				60EE77B321201CE8004133A6 /* EYTestViewController.m in Sources */,
				60ED70C22160987E00381DBD /* EYScrollView.m in Sources */,
				6012FD68215A2FA5004A3083 /* EYHomeBackView.m in Sources */,
				6076A171214A4D26002ED551 /* EYHomeCityViewController.m in Sources */,
				6075416F2104D15F00EB258D /* Foundation+Log.m in Sources */,
				6076A1802150FE71002ED551 /* EYHomeWorksViewController.m in Sources */,
				60BBC6892104D83400DEEA34 /* EYNavigationController.m in Sources */,
				601B032821056E6900489E96 /* EYLikeViewController.m in Sources */,
				60BBC68E2104D8D200DEEA34 /* EYRootViewController.m in Sources */,
				6076A1792150CFD8002ED551 /* DispatchTimer.m in Sources */,
				6076A1692148FB7D002ED551 /* EYHomeItemCommentModel.m in Sources */,
				6076A1662148FA4D002ED551 /* EYHomeItemLikeModel.m in Sources */,
				60B2FAC52137D5B40046D13D /* EYPerson.m in Sources */,
				606E6FA721284FD900ABEB83 /* EYBaseTableViewController.m in Sources */,
				60BBC68B2104D83400DEEA34 /* EYBaseViewController.m in Sources */,
				60ED70CA2160BD8500381DBD /* EYHomeBackItemModel.m in Sources */,
			);
			runOnlyForDeploymentPostprocessing = 0;
		};
		6075413B2104CC4C00EB258D /* Sources */ = {
			isa = PBXSourcesBuildPhase;
			buildActionMask = 2147483647;
			files = (
				607541442104CC4C00EB258D /* EYDouYinTests.m in Sources */,
			);
			runOnlyForDeploymentPostprocessing = 0;
		};
		607541462104CC4C00EB258D /* Sources */ = {
			isa = PBXSourcesBuildPhase;
			buildActionMask = 2147483647;
			files = (
				6075414F2104CC4C00EB258D /* EYDouYinUITests.m in Sources */,
			);
			runOnlyForDeploymentPostprocessing = 0;
		};
/* End PBXSourcesBuildPhase section */

/* Begin PBXTargetDependency section */
		607541412104CC4C00EB258D /* PBXTargetDependency */ = {
			isa = PBXTargetDependency;
			target = 607541262104CC4B00EB258D /* EYDouYin */;
			targetProxy = 607541402104CC4C00EB258D /* PBXContainerItemProxy */;
		};
		6075414C2104CC4C00EB258D /* PBXTargetDependency */ = {
			isa = PBXTargetDependency;
			target = 607541262104CC4B00EB258D /* EYDouYin */;
			targetProxy = 6075414B2104CC4C00EB258D /* PBXContainerItemProxy */;
		};
/* End PBXTargetDependency section */

/* Begin PBXVariantGroup section */
		6000D871213D1CFB00491BB7 /* Localizable.strings */ = {
			isa = PBXVariantGroup;
			children = (
				6000D870213D1CFB00491BB7 /* en */,
				6000D872213D1CFF00491BB7 /* zh-Hans */,
				6076A173214C8790002ED551 /* zh-Hans-CN */,
			);
			name = Localizable.strings;
			sourceTree = "<group>";
		};
		607541352104CC4C00EB258D /* LaunchScreen.storyboard */ = {
			isa = PBXVariantGroup;
			children = (
				607541362104CC4C00EB258D /* Base */,
				6000D86C213D1C6700491BB7 /* zh-Hans */,
			);
			name = LaunchScreen.storyboard;
			sourceTree = "<group>";
		};
/* End PBXVariantGroup section */

/* Begin XCBuildConfiguration section */
		607541512104CC4C00EB258D /* Debug */ = {
			isa = XCBuildConfiguration;
			buildSettings = {
				ALWAYS_SEARCH_USER_PATHS = NO;
				CLANG_ANALYZER_LOCALIZABILITY_NONLOCALIZED = YES;
				CLANG_ANALYZER_NONNULL = YES;
				CLANG_ANALYZER_NUMBER_OBJECT_CONVERSION = YES_AGGRESSIVE;
				CLANG_CXX_LANGUAGE_STANDARD = "gnu++14";
				CLANG_CXX_LIBRARY = "libc++";
				CLANG_ENABLE_MODULES = YES;
				CLANG_ENABLE_OBJC_ARC = YES;
				CLANG_ENABLE_OBJC_WEAK = YES;
				CLANG_WARN_BLOCK_CAPTURE_AUTORELEASING = YES;
				CLANG_WARN_BOOL_CONVERSION = YES;
				CLANG_WARN_COMMA = YES;
				CLANG_WARN_CONSTANT_CONVERSION = YES;
				CLANG_WARN_DEPRECATED_OBJC_IMPLEMENTATIONS = YES;
				CLANG_WARN_DIRECT_OBJC_ISA_USAGE = YES_ERROR;
				CLANG_WARN_DOCUMENTATION_COMMENTS = YES;
				CLANG_WARN_EMPTY_BODY = YES;
				CLANG_WARN_ENUM_CONVERSION = YES;
				CLANG_WARN_INFINITE_RECURSION = YES;
				CLANG_WARN_INT_CONVERSION = YES;
				CLANG_WARN_NON_LITERAL_NULL_CONVERSION = YES;
				CLANG_WARN_OBJC_IMPLICIT_RETAIN_SELF = YES;
				CLANG_WARN_OBJC_LITERAL_CONVERSION = YES;
				CLANG_WARN_OBJC_ROOT_CLASS = YES_ERROR;
				CLANG_WARN_RANGE_LOOP_ANALYSIS = YES;
				CLANG_WARN_STRICT_PROTOTYPES = YES;
				CLANG_WARN_SUSPICIOUS_MOVE = YES;
				CLANG_WARN_UNGUARDED_AVAILABILITY = YES_AGGRESSIVE;
				CLANG_WARN_UNREACHABLE_CODE = YES;
				CLANG_WARN__DUPLICATE_METHOD_MATCH = YES;
				CODE_SIGN_IDENTITY = "iPhone Developer";
				COPY_PHASE_STRIP = NO;
				DEBUG_INFORMATION_FORMAT = dwarf;
				ENABLE_STRICT_OBJC_MSGSEND = YES;
				ENABLE_TESTABILITY = YES;
				GCC_C_LANGUAGE_STANDARD = gnu11;
				GCC_DYNAMIC_NO_PIC = NO;
				GCC_NO_COMMON_BLOCKS = YES;
				GCC_OPTIMIZATION_LEVEL = 0;
				GCC_PREPROCESSOR_DEFINITIONS = (
					"DEBUG=1",
					"$(inherited)",
				);
				GCC_WARN_64_TO_32_BIT_CONVERSION = YES;
				GCC_WARN_ABOUT_RETURN_TYPE = YES_ERROR;
				GCC_WARN_UNDECLARED_SELECTOR = YES;
				GCC_WARN_UNINITIALIZED_AUTOS = YES_AGGRESSIVE;
				GCC_WARN_UNUSED_FUNCTION = YES;
				GCC_WARN_UNUSED_VARIABLE = YES;
				IPHONEOS_DEPLOYMENT_TARGET = 11.4;
				MTL_ENABLE_DEBUG_INFO = YES;
				ONLY_ACTIVE_ARCH = YES;
				SDKROOT = iphoneos;
			};
			name = Debug;
		};
		607541522104CC4C00EB258D /* Release */ = {
			isa = XCBuildConfiguration;
			buildSettings = {
				ALWAYS_SEARCH_USER_PATHS = NO;
				CLANG_ANALYZER_LOCALIZABILITY_NONLOCALIZED = YES;
				CLANG_ANALYZER_NONNULL = YES;
				CLANG_ANALYZER_NUMBER_OBJECT_CONVERSION = YES_AGGRESSIVE;
				CLANG_CXX_LANGUAGE_STANDARD = "gnu++14";
				CLANG_CXX_LIBRARY = "libc++";
				CLANG_ENABLE_MODULES = YES;
				CLANG_ENABLE_OBJC_ARC = YES;
				CLANG_ENABLE_OBJC_WEAK = YES;
				CLANG_WARN_BLOCK_CAPTURE_AUTORELEASING = YES;
				CLANG_WARN_BOOL_CONVERSION = YES;
				CLANG_WARN_COMMA = YES;
				CLANG_WARN_CONSTANT_CONVERSION = YES;
				CLANG_WARN_DEPRECATED_OBJC_IMPLEMENTATIONS = YES;
				CLANG_WARN_DIRECT_OBJC_ISA_USAGE = YES_ERROR;
				CLANG_WARN_DOCUMENTATION_COMMENTS = YES;
				CLANG_WARN_EMPTY_BODY = YES;
				CLANG_WARN_ENUM_CONVERSION = YES;
				CLANG_WARN_INFINITE_RECURSION = YES;
				CLANG_WARN_INT_CONVERSION = YES;
				CLANG_WARN_NON_LITERAL_NULL_CONVERSION = YES;
				CLANG_WARN_OBJC_IMPLICIT_RETAIN_SELF = YES;
				CLANG_WARN_OBJC_LITERAL_CONVERSION = YES;
				CLANG_WARN_OBJC_ROOT_CLASS = YES_ERROR;
				CLANG_WARN_RANGE_LOOP_ANALYSIS = YES;
				CLANG_WARN_STRICT_PROTOTYPES = YES;
				CLANG_WARN_SUSPICIOUS_MOVE = YES;
				CLANG_WARN_UNGUARDED_AVAILABILITY = YES_AGGRESSIVE;
				CLANG_WARN_UNREACHABLE_CODE = YES;
				CLANG_WARN__DUPLICATE_METHOD_MATCH = YES;
				CODE_SIGN_IDENTITY = "iPhone Developer";
				COPY_PHASE_STRIP = NO;
				DEBUG_INFORMATION_FORMAT = "dwarf-with-dsym";
				ENABLE_NS_ASSERTIONS = NO;
				ENABLE_STRICT_OBJC_MSGSEND = YES;
				GCC_C_LANGUAGE_STANDARD = gnu11;
				GCC_NO_COMMON_BLOCKS = YES;
				GCC_WARN_64_TO_32_BIT_CONVERSION = YES;
				GCC_WARN_ABOUT_RETURN_TYPE = YES_ERROR;
				GCC_WARN_UNDECLARED_SELECTOR = YES;
				GCC_WARN_UNINITIALIZED_AUTOS = YES_AGGRESSIVE;
				GCC_WARN_UNUSED_FUNCTION = YES;
				GCC_WARN_UNUSED_VARIABLE = YES;
				IPHONEOS_DEPLOYMENT_TARGET = 11.4;
				MTL_ENABLE_DEBUG_INFO = NO;
				SDKROOT = iphoneos;
				VALIDATE_PRODUCT = YES;
			};
			name = Release;
		};
		607541542104CC4C00EB258D /* Debug */ = {
			isa = XCBuildConfiguration;
			baseConfigurationReference = 2C2163A71ED181EE341E06B8 /* Pods-EYDouYin.debug.xcconfig */;
			buildSettings = {
				ASSETCATALOG_COMPILER_APPICON_NAME = AppIcon;
				ASSETCATALOG_COMPILER_LAUNCHIMAGE_NAME = LaunchImage;
				CLANG_ENABLE_MODULES = YES;
				CODE_SIGN_IDENTITY = "iPhone Developer";
				CODE_SIGN_STYLE = Automatic;
				DEVELOPMENT_TEAM = 3YW3MNT2AD;
				ENABLE_BITCODE = YES;
				GCC_PRECOMPILE_PREFIX_HEADER = YES;
				GCC_PREFIX_HEADER = "/Users/lieryang/个人/iOS项目/EYDouYin/EYDouYin/EYDouYin/Class/Main/Other/PrefixHeader.pch";
				INFOPLIST_FILE = EYDouYin/Info.plist;
				IPHONEOS_DEPLOYMENT_TARGET = 9.0;
				LD_RUNPATH_SEARCH_PATHS = (
					"$(inherited)",
					"@executable_path/Frameworks",
				);
				PRODUCT_BUNDLE_IDENTIFIER = EY.OC1;
				PRODUCT_NAME = "$(TARGET_NAME)";
				PROVISIONING_PROFILE = "";
				PROVISIONING_PROFILE_SPECIFIER = "";
				SWIFT_OBJC_BRIDGING_HEADER = "EYDouYin/Class/EYDouYin-Bridging-Header.h";
				SWIFT_OPTIMIZATION_LEVEL = "-Onone";
				SWIFT_VERSION = 3.0;
				TARGETED_DEVICE_FAMILY = 1;
			};
			name = Debug;
		};
		607541552104CC4C00EB258D /* Release */ = {
			isa = XCBuildConfiguration;
			baseConfigurationReference = 4F8685C22B833ADCA49ADA7C /* Pods-EYDouYin.release.xcconfig */;
			buildSettings = {
				ASSETCATALOG_COMPILER_APPICON_NAME = AppIcon;
				ASSETCATALOG_COMPILER_LAUNCHIMAGE_NAME = LaunchImage;
				CLANG_ENABLE_MODULES = YES;
				CODE_SIGN_IDENTITY = "iPhone Developer";
				CODE_SIGN_STYLE = Automatic;
				DEVELOPMENT_TEAM = 3YW3MNT2AD;
				ENABLE_BITCODE = YES;
				GCC_PRECOMPILE_PREFIX_HEADER = YES;
				GCC_PREFIX_HEADER = "/Users/lieryang/个人/iOS项目/EYDouYin/EYDouYin/EYDouYin/Class/Main/Other/PrefixHeader.pch";
				INFOPLIST_FILE = EYDouYin/Info.plist;
				IPHONEOS_DEPLOYMENT_TARGET = 9.0;
				LD_RUNPATH_SEARCH_PATHS = (
					"$(inherited)",
					"@executable_path/Frameworks",
				);
				PRODUCT_BUNDLE_IDENTIFIER = EY.OC1;
				PRODUCT_NAME = "$(TARGET_NAME)";
				PROVISIONING_PROFILE = "";
				PROVISIONING_PROFILE_SPECIFIER = "";
				SWIFT_OBJC_BRIDGING_HEADER = "EYDouYin/Class/EYDouYin-Bridging-Header.h";
				SWIFT_VERSION = 3.0;
				TARGETED_DEVICE_FAMILY = 1;
			};
			name = Release;
		};
		607541572104CC4C00EB258D /* Debug */ = {
			isa = XCBuildConfiguration;
			buildSettings = {
				BUNDLE_LOADER = "$(TEST_HOST)";
				CODE_SIGN_STYLE = Automatic;
				DEVELOPMENT_TEAM = PYJ3M9TJFN;
				INFOPLIST_FILE = EYDouYinTests/Info.plist;
				LD_RUNPATH_SEARCH_PATHS = (
					"$(inherited)",
					"@executable_path/Frameworks",
					"@loader_path/Frameworks",
				);
				PRODUCT_BUNDLE_IDENTIFIER = lieryang.EYDouYinTests;
				PRODUCT_NAME = "$(TARGET_NAME)";
				TARGETED_DEVICE_FAMILY = "1,2";
				TEST_HOST = "$(BUILT_PRODUCTS_DIR)/EYDouYin.app/EYDouYin";
			};
			name = Debug;
		};
		607541582104CC4C00EB258D /* Release */ = {
			isa = XCBuildConfiguration;
			buildSettings = {
				BUNDLE_LOADER = "$(TEST_HOST)";
				CODE_SIGN_STYLE = Automatic;
				DEVELOPMENT_TEAM = PYJ3M9TJFN;
				INFOPLIST_FILE = EYDouYinTests/Info.plist;
				LD_RUNPATH_SEARCH_PATHS = (
					"$(inherited)",
					"@executable_path/Frameworks",
					"@loader_path/Frameworks",
				);
				PRODUCT_BUNDLE_IDENTIFIER = lieryang.EYDouYinTests;
				PRODUCT_NAME = "$(TARGET_NAME)";
				TARGETED_DEVICE_FAMILY = "1,2";
				TEST_HOST = "$(BUILT_PRODUCTS_DIR)/EYDouYin.app/EYDouYin";
			};
			name = Release;
		};
		6075415A2104CC4C00EB258D /* Debug */ = {
			isa = XCBuildConfiguration;
			buildSettings = {
				CODE_SIGN_STYLE = Automatic;
				DEVELOPMENT_TEAM = PYJ3M9TJFN;
				INFOPLIST_FILE = EYDouYinUITests/Info.plist;
				LD_RUNPATH_SEARCH_PATHS = (
					"$(inherited)",
					"@executable_path/Frameworks",
					"@loader_path/Frameworks",
				);
				PRODUCT_BUNDLE_IDENTIFIER = lieryang.EYDouYinUITests;
				PRODUCT_NAME = "$(TARGET_NAME)";
				TARGETED_DEVICE_FAMILY = "1,2";
				TEST_TARGET_NAME = EYDouYin;
			};
			name = Debug;
		};
		6075415B2104CC4C00EB258D /* Release */ = {
			isa = XCBuildConfiguration;
			buildSettings = {
				CODE_SIGN_STYLE = Automatic;
				DEVELOPMENT_TEAM = PYJ3M9TJFN;
				INFOPLIST_FILE = EYDouYinUITests/Info.plist;
				LD_RUNPATH_SEARCH_PATHS = (
					"$(inherited)",
					"@executable_path/Frameworks",
					"@loader_path/Frameworks",
				);
				PRODUCT_BUNDLE_IDENTIFIER = lieryang.EYDouYinUITests;
				PRODUCT_NAME = "$(TARGET_NAME)";
				TARGETED_DEVICE_FAMILY = "1,2";
				TEST_TARGET_NAME = EYDouYin;
			};
			name = Release;
		};
/* End XCBuildConfiguration section */

/* Begin XCConfigurationList section */
		607541222104CC4B00EB258D /* Build configuration list for PBXProject "EYDouYin" */ = {
			isa = XCConfigurationList;
			buildConfigurations = (
				607541512104CC4C00EB258D /* Debug */,
				607541522104CC4C00EB258D /* Release */,
			);
			defaultConfigurationIsVisible = 0;
			defaultConfigurationName = Release;
		};
		607541532104CC4C00EB258D /* Build configuration list for PBXNativeTarget "EYDouYin" */ = {
			isa = XCConfigurationList;
			buildConfigurations = (
				607541542104CC4C00EB258D /* Debug */,
				607541552104CC4C00EB258D /* Release */,
			);
			defaultConfigurationIsVisible = 0;
			defaultConfigurationName = Release;
		};
		607541562104CC4C00EB258D /* Build configuration list for PBXNativeTarget "EYDouYinTests" */ = {
			isa = XCConfigurationList;
			buildConfigurations = (
				607541572104CC4C00EB258D /* Debug */,
				607541582104CC4C00EB258D /* Release */,
			);
			defaultConfigurationIsVisible = 0;
			defaultConfigurationName = Release;
		};
		607541592104CC4C00EB258D /* Build configuration list for PBXNativeTarget "EYDouYinUITests" */ = {
			isa = XCConfigurationList;
			buildConfigurations = (
				6075415A2104CC4C00EB258D /* Debug */,
				6075415B2104CC4C00EB258D /* Release */,
			);
			defaultConfigurationIsVisible = 0;
			defaultConfigurationName = Release;
		};
/* End XCConfigurationList section */
	};
	rootObject = 6075411F2104CC4B00EB258D /* Project object */;
}
